{
  "version": 4,
  "terraform_version": "0.13.1",
  "serial": 277,
  "lineage": "56daa57b-4034-f886-b451-d6478b81fae9",
  "outputs": {},
  "resources": [
    {
      "mode": "data",
      "type": "aws_availability_zones",
      "name": "avz",
      "provider": "provider[\"registry.terraform.io/hashicorp/aws\"]",
      "instances": [
        {
          "schema_version": 0,
          "attributes": {
            "all_availability_zones": null,
            "exclude_names": null,
            "exclude_zone_ids": null,
            "filter": null,
            "group_names": [
              "us-east-1"
            ],
            "id": "2020-10-02 04:06:18.127701 +0000 UTC",
            "names": [
              "us-east-1a",
              "us-east-1b",
              "us-east-1c",
              "us-east-1d",
              "us-east-1e",
              "us-east-1f"
            ],
            "state": null,
            "zone_ids": [
              "use1-az1",
              "use1-az2",
              "use1-az4",
              "use1-az6",
              "use1-az3",
              "use1-az5"
            ]
          }
        }
      ]
    },
    {
      "mode": "data",
      "type": "aws_eks_cluster",
      "name": "cluster",
      "provider": "provider[\"registry.terraform.io/hashicorp/aws\"]",
      "instances": [
        {
          "schema_version": 0,
          "attributes": {
            "arn": "arn:aws:eks:us-east-1:535518648590:cluster/john",
            "certificate_authority": [
              {
                "data": "LS0tLS1CRUdJTiBDRVJUSUZJQ0FURS0tLS0tCk1JSUN5RENDQWJDZ0F3SUJBZ0lCQURBTkJna3Foa2lHOXcwQkFRc0ZBREFWTVJNd0VRWURWUVFERXdwcmRXSmwKY201bGRHVnpNQjRYRFRJd01UQXdNakEwTVRZeE1Wb1hEVE13TURrek1EQTBNVFl4TVZvd0ZURVRNQkVHQTFVRQpBeE1LYTNWaVpYSnVaWFJsY3pDQ0FTSXdEUVlKS29aSWh2Y05BUUVCQlFBRGdnRVBBRENDQVFvQ2dnRUJBTDJyCmMySzlKaHcxTkhWTHhCWVVtYlo1bWQyZG1NdnhLR2dGUUpGa3NReGtpT01leUxGSmxRaDlZanh1SGlQeW9jTlMKQjdTdGRQZWxhNlhvd0ZLQmdLdURzZ0t6UFhtYnhpTzFKczdQdjVrSDQ3d29LYnRualhPVFVUSldCblJvZEN0NQpianh1d01HQW5XbjNpNHR5UkFOa2J2Q3U1SGVhMU9HSCt3S2JmU21HbXBxL1I2UHBTU3BDVDY2cjNmMDdHK2xCCjhiK1liMW03V3Q3S0VVQ2xRYVR2NUNRa0MrVEk0VGhBYjZsYVcxaFJ0NTY0UWlPNFNDNmdxVnJMMDdtZWNoTVMKNzRzdzdJZ0hMdnA4MzRBTWNLVkEvUHliWFpFc2FXQ1lUTC9pRUYwekNoWTY5T3VyMStDOEYxQSswK3ErZ0FVNQpnaXNLVkZUQisvYk01Z1Z6anNNQ0F3RUFBYU1qTUNFd0RnWURWUjBQQVFIL0JBUURBZ0trTUE4R0ExVWRFd0VCCi93UUZNQU1CQWY4d0RRWUpLb1pJaHZjTkFRRUxCUUFEZ2dFQkFLVGtPRmdid055akZucENxc2hCdk93UGpNN2wKallaejJ6LzNtZXQvYzFmWGU5cjNsT1dxMnlHaXVuWEJLSUIxU09DejgxWnI0dng3ODlhb1VIWGk1ZWU2Y0x3TQp2YkM1ZUdwMG9FYmoreCtlRXU5SGN1cGdJQjY5ZXNieXAyUnRCT0piNFFkdms1VDlSNkt5MHVJRm4vZEVUMTk0CkIvQlhRdFRQSXNsYzZwR09BTFZTMG5BQlArRmRkNEhXdmdaKy9Pa25LRzE2QkZXZnFFeGpmNXY1ZUduamRGUnIKRjl6OFRhRFpiMnArR0dpV2xMYXZ5L0c5MXlPME9NNWZ1UEJGV0lkK2pSVDQvWE55U2hCVmkvcmhoV25iK1RoaApwdDd2bVpLTFBzQnBRWSs4SWVxc2JYWUxDem9KSzE4ZVp4cDZQem91RDR0VjZuMUFFZUZXUFpRZ25Ydz0KLS0tLS1FTkQgQ0VSVElGSUNBVEUtLS0tLQo="
              }
            ],
            "created_at": "2020-10-02 04:07:01.458 +0000 UTC",
            "enabled_cluster_log_types": [],
            "endpoint": "https://8E1758ACBC85665664D0DAF3149ACE58.sk1.us-east-1.eks.amazonaws.com",
            "id": "john",
            "identity": [
              {
                "oidc": [
                  {
                    "issuer": "https://oidc.eks.us-east-1.amazonaws.com/id/8E1758ACBC85665664D0DAF3149ACE58"
                  }
                ]
              }
            ],
            "name": "john",
            "platform_version": "eks.3",
            "role_arn": "arn:aws:iam::535518648590:role/john20201002040628653300000001",
            "status": "ACTIVE",
            "tags": {},
            "version": "1.16",
            "vpc_config": [
              {
                "cluster_security_group_id": "sg-0eac64edab44b8b76",
                "endpoint_private_access": false,
                "endpoint_public_access": true,
                "public_access_cidrs": [
                  "0.0.0.0/0"
                ],
                "security_group_ids": [
                  "sg-0ba6669926da3217b"
                ],
                "subnet_ids": [
                  "subnet-0335cc8c74dd8cabe",
                  "subnet-0d1e3d3bd12edb8a9"
                ],
                "vpc_id": "vpc-0db237ec574ea3562"
              }
            ]
          }
        }
      ]
    },
    {
      "mode": "data",
      "type": "aws_eks_cluster_auth",
      "name": "cluster",
      "provider": "provider[\"registry.terraform.io/hashicorp/aws\"]",
      "instances": [
        {
          "schema_version": 0,
          "attributes": {
            "id": "2020-10-02 04:21:34.519238 +0000 UTC",
            "name": "john",
            "token": "k8s-aws-v1.aHR0cHM6Ly9zdHMuYW1hem9uYXdzLmNvbS8_QWN0aW9uPUdldENhbGxlcklkZW50aXR5JlZlcnNpb249MjAxMS0wNi0xNSZYLUFtei1BbGdvcml0aG09QVdTNC1ITUFDLVNIQTI1NiZYLUFtei1DcmVkZW50aWFsPUFLSUFYWkwzR0RFSEFSWFk3M1c0JTJGMjAyMDEwMDIlMkZ1cy1lYXN0LTElMkZzdHMlMkZhd3M0X3JlcXVlc3QmWC1BbXotRGF0ZT0yMDIwMTAwMlQwNDIxMzRaJlgtQW16LUV4cGlyZXM9MCZYLUFtei1TaWduZWRIZWFkZXJzPWhvc3QlM0J4LWs4cy1hd3MtaWQmWC1BbXotU2lnbmF0dXJlPWU5Y2YwZDRhMjFlMzMzZjk3YTc2OTcwZjM0ZGMxYjY2M2EyMmVmOGYyM2QwOTdhZWQ3NGQ5MWU2MDVlMzUyZDM"
          }
        }
      ]
    },
    {
      "mode": "managed",
      "type": "aws_eip",
      "name": "nat-ngw-eip",
      "provider": "provider[\"registry.terraform.io/hashicorp/aws\"]",
      "instances": [
        {
          "index_key": 0,
          "schema_version": 0,
          "attributes": {
            "allocation_id": null,
            "associate_with_private_ip": null,
            "association_id": "",
            "customer_owned_ip": "",
            "customer_owned_ipv4_pool": "",
            "domain": "vpc",
            "id": "eipalloc-0a96edbec61ff3f3d",
            "instance": "",
            "network_interface": "",
            "private_dns": null,
            "private_ip": "",
            "public_dns": "ec2-52-22-149-137.compute-1.amazonaws.com",
            "public_ip": "52.22.149.137",
            "public_ipv4_pool": "amazon",
            "tags": {
              "created_by": "john",
              "environment": "test"
            },
            "timeouts": null,
            "vpc": true
          },
          "private": "eyJlMmJmYjczMC1lY2FhLTExZTYtOGY4OC0zNDM2M2JjN2M0YzAiOnsiZGVsZXRlIjoxODAwMDAwMDAwMDAsInJlYWQiOjkwMDAwMDAwMDAwMCwidXBkYXRlIjozMDAwMDAwMDAwMDB9fQ=="
        },
        {
          "index_key": 1,
          "schema_version": 0,
          "attributes": {
            "allocation_id": null,
            "associate_with_private_ip": null,
            "association_id": "",
            "customer_owned_ip": "",
            "customer_owned_ipv4_pool": "",
            "domain": "vpc",
            "id": "eipalloc-0c832c30627e5ff97",
            "instance": "",
            "network_interface": "",
            "private_dns": null,
            "private_ip": "",
            "public_dns": "ec2-107-20-208-56.compute-1.amazonaws.com",
            "public_ip": "107.20.208.56",
            "public_ipv4_pool": "amazon",
            "tags": {
              "created_by": "john",
              "environment": "test"
            },
            "timeouts": null,
            "vpc": true
          },
          "private": "eyJlMmJmYjczMC1lY2FhLTExZTYtOGY4OC0zNDM2M2JjN2M0YzAiOnsiZGVsZXRlIjoxODAwMDAwMDAwMDAsInJlYWQiOjkwMDAwMDAwMDAwMCwidXBkYXRlIjozMDAwMDAwMDAwMDB9fQ=="
        }
      ]
    },
    {
      "mode": "managed",
      "type": "aws_internet_gateway",
      "name": "app_vpc_igw",
      "provider": "provider[\"registry.terraform.io/hashicorp/aws\"]",
      "instances": [
        {
          "schema_version": 0,
          "attributes": {
            "arn": "arn:aws:ec2:us-east-1:535518648590:internet-gateway/igw-0a2453f2cb5f93f6d",
            "id": "igw-0a2453f2cb5f93f6d",
            "owner_id": "535518648590",
            "tags": {
              "Name": "test-igw"
            },
            "vpc_id": "vpc-0db237ec574ea3562"
          },
          "private": "bnVsbA==",
          "dependencies": [
            "aws_vpc.main"
          ]
        }
      ]
    },
    {
      "mode": "managed",
      "type": "aws_nat_gateway",
      "name": "natgw",
      "provider": "provider[\"registry.terraform.io/hashicorp/aws\"]",
      "instances": [
        {
          "index_key": 0,
          "schema_version": 0,
          "attributes": {
            "allocation_id": "eipalloc-0a96edbec61ff3f3d",
            "id": "nat-0c94c63c4e96ba1bb",
            "network_interface_id": "eni-021e4951d001f5192",
            "private_ip": "10.0.0.10",
            "public_ip": "52.22.149.137",
            "subnet_id": "subnet-0d5c53fff075032bb",
            "tags": {
              "Name": "test-ngw-0",
              "created_by": "john",
              "environment": "test"
            }
          },
          "private": "bnVsbA==",
          "dependencies": [
            "aws_eip.nat-ngw-eip",
            "aws_subnet.public_subnets",
            "aws_vpc.main",
            "data.aws_availability_zones.avz"
          ]
        },
        {
          "index_key": 1,
          "schema_version": 0,
          "attributes": {
            "allocation_id": "eipalloc-0c832c30627e5ff97",
            "id": "nat-052546587d2ba3e93",
            "network_interface_id": "eni-03a5d6b85d975b1ef",
            "private_ip": "10.0.7.21",
            "public_ip": "107.20.208.56",
            "subnet_id": "subnet-0ce4f57fd2d854222",
            "tags": {
              "Name": "test-ngw-1",
              "created_by": "john",
              "environment": "test"
            }
          },
          "private": "bnVsbA==",
          "dependencies": [
            "aws_eip.nat-ngw-eip",
            "aws_subnet.public_subnets",
            "aws_vpc.main",
            "data.aws_availability_zones.avz"
          ]
        }
      ]
    },
    {
      "mode": "managed",
      "type": "aws_route",
      "name": "private_backend_nat_gateway",
      "provider": "provider[\"registry.terraform.io/hashicorp/aws\"]",
      "instances": [
        {
          "index_key": 0,
          "schema_version": 0,
          "attributes": {
            "destination_cidr_block": "0.0.0.0/0",
            "destination_ipv6_cidr_block": "",
            "destination_prefix_list_id": "",
            "egress_only_gateway_id": "",
            "gateway_id": "",
            "id": "r-rtb-02140556a06b3b7601080289494",
            "instance_id": "",
            "instance_owner_id": "",
            "local_gateway_id": "",
            "nat_gateway_id": "nat-0c94c63c4e96ba1bb",
            "network_interface_id": "",
            "origin": "CreateRoute",
            "route_table_id": "rtb-02140556a06b3b760",
            "state": "active",
            "timeouts": null,
            "transit_gateway_id": "",
            "vpc_peering_connection_id": ""
          },
          "private": "eyJlMmJmYjczMC1lY2FhLTExZTYtOGY4OC0zNDM2M2JjN2M0YzAiOnsiY3JlYXRlIjoxMjAwMDAwMDAwMDAsImRlbGV0ZSI6MzAwMDAwMDAwMDAwfX0=",
          "dependencies": [
            "aws_eip.nat-ngw-eip",
            "aws_nat_gateway.natgw",
            "aws_route_table.eks",
            "aws_subnet.public_subnets",
            "aws_vpc.main",
            "data.aws_availability_zones.avz"
          ]
        },
        {
          "index_key": 1,
          "schema_version": 0,
          "attributes": {
            "destination_cidr_block": "0.0.0.0/0",
            "destination_ipv6_cidr_block": "",
            "destination_prefix_list_id": "",
            "egress_only_gateway_id": "",
            "gateway_id": "",
            "id": "r-rtb-07f3bcb63121932211080289494",
            "instance_id": "",
            "instance_owner_id": "",
            "local_gateway_id": "",
            "nat_gateway_id": "nat-052546587d2ba3e93",
            "network_interface_id": "",
            "origin": "CreateRoute",
            "route_table_id": "rtb-07f3bcb6312193221",
            "state": "active",
            "timeouts": null,
            "transit_gateway_id": "",
            "vpc_peering_connection_id": ""
          },
          "private": "eyJlMmJmYjczMC1lY2FhLTExZTYtOGY4OC0zNDM2M2JjN2M0YzAiOnsiY3JlYXRlIjoxMjAwMDAwMDAwMDAsImRlbGV0ZSI6MzAwMDAwMDAwMDAwfX0=",
          "dependencies": [
            "aws_eip.nat-ngw-eip",
            "aws_nat_gateway.natgw",
            "aws_route_table.eks",
            "aws_subnet.public_subnets",
            "aws_vpc.main",
            "data.aws_availability_zones.avz"
          ]
        }
      ]
    },
    {
      "mode": "managed",
      "type": "aws_route",
      "name": "public_to_igw",
      "provider": "provider[\"registry.terraform.io/hashicorp/aws\"]",
      "instances": [
        {
          "schema_version": 0,
          "attributes": {
            "destination_cidr_block": "0.0.0.0/0",
            "destination_ipv6_cidr_block": "",
            "destination_prefix_list_id": "",
            "egress_only_gateway_id": "",
            "gateway_id": "igw-0a2453f2cb5f93f6d",
            "id": "r-rtb-0dbe6abad232dc6751080289494",
            "instance_id": "",
            "instance_owner_id": "",
            "local_gateway_id": "",
            "nat_gateway_id": "",
            "network_interface_id": "",
            "origin": "CreateRoute",
            "route_table_id": "rtb-0dbe6abad232dc675",
            "state": "active",
            "timeouts": null,
            "transit_gateway_id": "",
            "vpc_peering_connection_id": ""
          },
          "private": "eyJlMmJmYjczMC1lY2FhLTExZTYtOGY4OC0zNDM2M2JjN2M0YzAiOnsiY3JlYXRlIjoxMjAwMDAwMDAwMDAsImRlbGV0ZSI6MzAwMDAwMDAwMDAwfX0=",
          "dependencies": [
            "aws_internet_gateway.app_vpc_igw",
            "aws_route_table.public",
            "aws_vpc.main"
          ]
        }
      ]
    },
    {
      "mode": "managed",
      "type": "aws_route_table",
      "name": "eks",
      "provider": "provider[\"registry.terraform.io/hashicorp/aws\"]",
      "instances": [
        {
          "index_key": 0,
          "schema_version": 0,
          "attributes": {
            "id": "rtb-02140556a06b3b760",
            "owner_id": "535518648590",
            "propagating_vgws": [],
            "route": [],
            "tags": {
              "Name": "test-rt-eks-us-east-1a"
            },
            "vpc_id": "vpc-0db237ec574ea3562"
          },
          "private": "bnVsbA==",
          "dependencies": [
            "aws_vpc.main",
            "data.aws_availability_zones.avz"
          ]
        },
        {
          "index_key": 1,
          "schema_version": 0,
          "attributes": {
            "id": "rtb-07f3bcb6312193221",
            "owner_id": "535518648590",
            "propagating_vgws": [],
            "route": [],
            "tags": {
              "Name": "test-rt-eks-us-east-1b"
            },
            "vpc_id": "vpc-0db237ec574ea3562"
          },
          "private": "bnVsbA==",
          "dependencies": [
            "aws_vpc.main",
            "data.aws_availability_zones.avz"
          ]
        }
      ]
    },
    {
      "mode": "managed",
      "type": "aws_route_table",
      "name": "public",
      "provider": "provider[\"registry.terraform.io/hashicorp/aws\"]",
      "instances": [
        {
          "schema_version": 0,
          "attributes": {
            "id": "rtb-0dbe6abad232dc675",
            "owner_id": "535518648590",
            "propagating_vgws": [],
            "route": [],
            "tags": {
              "Name": "test-rt-public"
            },
            "vpc_id": "vpc-0db237ec574ea3562"
          },
          "private": "bnVsbA==",
          "dependencies": [
            "aws_vpc.main"
          ]
        }
      ]
    },
    {
      "mode": "managed",
      "type": "aws_route_table_association",
      "name": "eks",
      "provider": "provider[\"registry.terraform.io/hashicorp/aws\"]",
      "instances": [
        {
          "index_key": 0,
          "schema_version": 0,
          "attributes": {
            "gateway_id": null,
            "id": "rtbassoc-01bd903a160f65a03",
            "route_table_id": "rtb-02140556a06b3b760",
            "subnet_id": "subnet-0335cc8c74dd8cabe"
          },
          "private": "bnVsbA==",
          "dependencies": [
            "aws_route_table.eks",
            "aws_subnet.eks_internal_subnets",
            "aws_vpc.main",
            "data.aws_availability_zones.avz"
          ]
        },
        {
          "index_key": 1,
          "schema_version": 0,
          "attributes": {
            "gateway_id": null,
            "id": "rtbassoc-0a1f03b4bd4c65c05",
            "route_table_id": "rtb-07f3bcb6312193221",
            "subnet_id": "subnet-0d1e3d3bd12edb8a9"
          },
          "private": "bnVsbA==",
          "dependencies": [
            "aws_route_table.eks",
            "aws_subnet.eks_internal_subnets",
            "aws_vpc.main",
            "data.aws_availability_zones.avz"
          ]
        }
      ]
    },
    {
      "mode": "managed",
      "type": "aws_route_table_association",
      "name": "public",
      "provider": "provider[\"registry.terraform.io/hashicorp/aws\"]",
      "instances": [
        {
          "index_key": 0,
          "schema_version": 0,
          "attributes": {
            "gateway_id": null,
            "id": "rtbassoc-074f51d3b766fd578",
            "route_table_id": "rtb-0dbe6abad232dc675",
            "subnet_id": "subnet-0d5c53fff075032bb"
          },
          "private": "bnVsbA==",
          "dependencies": [
            "aws_route_table.public",
            "aws_subnet.public_subnets",
            "aws_vpc.main",
            "data.aws_availability_zones.avz"
          ]
        },
        {
          "index_key": 1,
          "schema_version": 0,
          "attributes": {
            "gateway_id": null,
            "id": "rtbassoc-0bfd25fdc999dcb0c",
            "route_table_id": "rtb-0dbe6abad232dc675",
            "subnet_id": "subnet-0ce4f57fd2d854222"
          },
          "private": "bnVsbA==",
          "dependencies": [
            "aws_route_table.public",
            "aws_subnet.public_subnets",
            "aws_vpc.main",
            "data.aws_availability_zones.avz"
          ]
        }
      ]
    },
    {
      "mode": "managed",
      "type": "aws_subnet",
      "name": "eks_internal_subnets",
      "provider": "provider[\"registry.terraform.io/hashicorp/aws\"]",
      "instances": [
        {
          "index_key": 0,
          "schema_version": 1,
          "attributes": {
            "arn": "arn:aws:ec2:us-east-1:535518648590:subnet/subnet-0335cc8c74dd8cabe",
            "assign_ipv6_address_on_creation": false,
            "availability_zone": "us-east-1a",
            "availability_zone_id": "use1-az1",
            "cidr_block": "10.0.28.0/22",
            "id": "subnet-0335cc8c74dd8cabe",
            "ipv6_cidr_block": "",
            "ipv6_cidr_block_association_id": "",
            "map_public_ip_on_launch": false,
            "outpost_arn": "",
            "owner_id": "535518648590",
            "tags": {
              "Name": "test-internal-subnet-us-east-1a",
              "kubernetes.io/cluster/john": "shared",
              "kubernetes.io/role/internal-elb": "1"
            },
            "timeouts": null,
            "vpc_id": "vpc-0db237ec574ea3562"
          },
          "private": "eyJlMmJmYjczMC1lY2FhLTExZTYtOGY4OC0zNDM2M2JjN2M0YzAiOnsiY3JlYXRlIjo2MDAwMDAwMDAwMDAsImRlbGV0ZSI6MTIwMDAwMDAwMDAwMH0sInNjaGVtYV92ZXJzaW9uIjoiMSJ9",
          "dependencies": [
            "aws_vpc.main",
            "data.aws_availability_zones.avz"
          ],
          "create_before_destroy": true
        },
        {
          "index_key": 1,
          "schema_version": 1,
          "attributes": {
            "arn": "arn:aws:ec2:us-east-1:535518648590:subnet/subnet-0d1e3d3bd12edb8a9",
            "assign_ipv6_address_on_creation": false,
            "availability_zone": "us-east-1b",
            "availability_zone_id": "use1-az2",
            "cidr_block": "10.0.32.0/22",
            "id": "subnet-0d1e3d3bd12edb8a9",
            "ipv6_cidr_block": "",
            "ipv6_cidr_block_association_id": "",
            "map_public_ip_on_launch": false,
            "outpost_arn": "",
            "owner_id": "535518648590",
            "tags": {
              "Name": "test-internal-subnet-us-east-1b",
              "kubernetes.io/cluster/john": "shared",
              "kubernetes.io/role/internal-elb": "1"
            },
            "timeouts": null,
            "vpc_id": "vpc-0db237ec574ea3562"
          },
          "private": "eyJlMmJmYjczMC1lY2FhLTExZTYtOGY4OC0zNDM2M2JjN2M0YzAiOnsiY3JlYXRlIjo2MDAwMDAwMDAwMDAsImRlbGV0ZSI6MTIwMDAwMDAwMDAwMH0sInNjaGVtYV92ZXJzaW9uIjoiMSJ9",
          "dependencies": [
            "aws_vpc.main",
            "data.aws_availability_zones.avz"
          ],
          "create_before_destroy": true
        }
      ]
    },
    {
      "mode": "managed",
      "type": "aws_subnet",
      "name": "public_subnets",
      "provider": "provider[\"registry.terraform.io/hashicorp/aws\"]",
      "instances": [
        {
          "index_key": 0,
          "schema_version": 1,
          "attributes": {
            "arn": "arn:aws:ec2:us-east-1:535518648590:subnet/subnet-0d5c53fff075032bb",
            "assign_ipv6_address_on_creation": false,
            "availability_zone": "us-east-1a",
            "availability_zone_id": "use1-az1",
            "cidr_block": "10.0.0.0/22",
            "id": "subnet-0d5c53fff075032bb",
            "ipv6_cidr_block": "",
            "ipv6_cidr_block_association_id": "",
            "map_public_ip_on_launch": false,
            "outpost_arn": "",
            "owner_id": "535518648590",
            "tags": {
              "Name": "test-public-subnet-us-east-1a",
              "kubernetes.io/cluster/john": "shared",
              "kubernetes.io/role/elb": "1"
            },
            "timeouts": null,
            "vpc_id": "vpc-0db237ec574ea3562"
          },
          "private": "eyJlMmJmYjczMC1lY2FhLTExZTYtOGY4OC0zNDM2M2JjN2M0YzAiOnsiY3JlYXRlIjo2MDAwMDAwMDAwMDAsImRlbGV0ZSI6MTIwMDAwMDAwMDAwMH0sInNjaGVtYV92ZXJzaW9uIjoiMSJ9",
          "dependencies": [
            "aws_vpc.main",
            "data.aws_availability_zones.avz"
          ]
        },
        {
          "index_key": 1,
          "schema_version": 1,
          "attributes": {
            "arn": "arn:aws:ec2:us-east-1:535518648590:subnet/subnet-0ce4f57fd2d854222",
            "assign_ipv6_address_on_creation": false,
            "availability_zone": "us-east-1b",
            "availability_zone_id": "use1-az2",
            "cidr_block": "10.0.4.0/22",
            "id": "subnet-0ce4f57fd2d854222",
            "ipv6_cidr_block": "",
            "ipv6_cidr_block_association_id": "",
            "map_public_ip_on_launch": false,
            "outpost_arn": "",
            "owner_id": "535518648590",
            "tags": {
              "Name": "test-public-subnet-us-east-1b",
              "kubernetes.io/cluster/john": "shared",
              "kubernetes.io/role/elb": "1"
            },
            "timeouts": null,
            "vpc_id": "vpc-0db237ec574ea3562"
          },
          "private": "eyJlMmJmYjczMC1lY2FhLTExZTYtOGY4OC0zNDM2M2JjN2M0YzAiOnsiY3JlYXRlIjo2MDAwMDAwMDAwMDAsImRlbGV0ZSI6MTIwMDAwMDAwMDAwMH0sInNjaGVtYV92ZXJzaW9uIjoiMSJ9",
          "dependencies": [
            "aws_vpc.main",
            "data.aws_availability_zones.avz"
          ]
        }
      ]
    },
    {
      "mode": "managed",
      "type": "aws_vpc",
      "name": "main",
      "provider": "provider[\"registry.terraform.io/hashicorp/aws\"]",
      "instances": [
        {
          "schema_version": 1,
          "attributes": {
            "arn": "arn:aws:ec2:us-east-1:535518648590:vpc/vpc-0db237ec574ea3562",
            "assign_generated_ipv6_cidr_block": false,
            "cidr_block": "10.0.0.0/16",
            "default_network_acl_id": "acl-0f9b53ef2ead5c733",
            "default_route_table_id": "rtb-0e9649304dd165172",
            "default_security_group_id": "sg-0dfd6247dd8a0ba7d",
            "dhcp_options_id": "dopt-bbec06de",
            "enable_classiclink": false,
            "enable_classiclink_dns_support": false,
            "enable_dns_hostnames": true,
            "enable_dns_support": true,
            "id": "vpc-0db237ec574ea3562",
            "instance_tenancy": "default",
            "ipv6_association_id": "",
            "ipv6_cidr_block": "",
            "main_route_table_id": "rtb-0e9649304dd165172",
            "owner_id": "535518648590",
            "tags": {
              "Name": "test-vpc",
              "created_by": "john",
              "environment": "test",
              "kubernetes.io/cluster/john": "shared"
            }
          },
          "private": "eyJzY2hlbWFfdmVyc2lvbiI6IjEifQ==",
          "create_before_destroy": true
        }
      ]
    },
    {
      "module": "module.eks",
      "mode": "data",
      "type": "aws_ami",
      "name": "eks_worker",
      "provider": "provider[\"registry.terraform.io/hashicorp/aws\"]",
      "instances": [
        {
          "schema_version": 0,
          "attributes": {
            "architecture": "x86_64",
            "arn": "arn:aws:ec2:us-east-1::image/ami-05b727b7fa7577e40",
            "block_device_mappings": [
              {
                "device_name": "/dev/xvda",
                "ebs": {
                  "delete_on_termination": "true",
                  "encrypted": "false",
                  "iops": "0",
                  "snapshot_id": "snap-0411fb859366f3e84",
                  "volume_size": "20",
                  "volume_type": "gp2"
                },
                "no_device": "",
                "virtual_name": ""
              }
            ],
            "creation_date": "2020-09-21T19:45:46.000Z",
            "description": "EKS Kubernetes Worker AMI with AmazonLinux2 image, (k8s: 1.16.13, docker:19.03.6ce-4.amzn2)",
            "executable_users": null,
            "filter": [
              {
                "name": "name",
                "values": [
                  "amazon-eks-node-1.16-v*"
                ]
              }
            ],
            "hypervisor": "xen",
            "id": "ami-05b727b7fa7577e40",
            "image_id": "ami-05b727b7fa7577e40",
            "image_location": "amazon/amazon-eks-node-1.16-v20200921",
            "image_owner_alias": "amazon",
            "image_type": "machine",
            "kernel_id": null,
            "most_recent": true,
            "name": "amazon-eks-node-1.16-v20200921",
            "name_regex": null,
            "owner_id": "602401143452",
            "owners": [
              "602401143452"
            ],
            "platform": null,
            "product_codes": [],
            "public": true,
            "ramdisk_id": null,
            "root_device_name": "/dev/xvda",
            "root_device_type": "ebs",
            "root_snapshot_id": "snap-0411fb859366f3e84",
            "sriov_net_support": "simple",
            "state": "available",
            "state_reason": {
              "code": "UNSET",
              "message": "UNSET"
            },
            "tags": {},
            "virtualization_type": "hvm"
          }
        }
      ]
    },
    {
      "module": "module.eks",
      "mode": "data",
      "type": "aws_ami",
      "name": "eks_worker_windows",
      "provider": "provider[\"registry.terraform.io/hashicorp/aws\"]",
      "instances": [
        {
          "schema_version": 0,
          "attributes": {
            "architecture": "x86_64",
            "arn": "arn:aws:ec2:us-east-1::image/ami-0af44c4642768d581",
            "block_device_mappings": [
              {
                "device_name": "/dev/sda1",
                "ebs": {
                  "delete_on_termination": "true",
                  "encrypted": "false",
                  "iops": "0",
                  "snapshot_id": "snap-0e0303a36922a498f",
                  "volume_size": "50",
                  "volume_type": "gp2"
                },
                "no_device": "",
                "virtual_name": ""
              },
              {
                "device_name": "xvdca",
                "ebs": {},
                "no_device": "",
                "virtual_name": "ephemeral0"
              },
              {
                "device_name": "xvdcb",
                "ebs": {},
                "no_device": "",
                "virtual_name": "ephemeral1"
              },
              {
                "device_name": "xvdcc",
                "ebs": {},
                "no_device": "",
                "virtual_name": "ephemeral2"
              },
              {
                "device_name": "xvdcd",
                "ebs": {},
                "no_device": "",
                "virtual_name": "ephemeral3"
              },
              {
                "device_name": "xvdce",
                "ebs": {},
                "no_device": "",
                "virtual_name": "ephemeral4"
              },
              {
                "device_name": "xvdcf",
                "ebs": {},
                "no_device": "",
                "virtual_name": "ephemeral5"
              },
              {
                "device_name": "xvdcg",
                "ebs": {},
                "no_device": "",
                "virtual_name": "ephemeral6"
              },
              {
                "device_name": "xvdch",
                "ebs": {},
                "no_device": "",
                "virtual_name": "ephemeral7"
              },
              {
                "device_name": "xvdci",
                "ebs": {},
                "no_device": "",
                "virtual_name": "ephemeral8"
              },
              {
                "device_name": "xvdcj",
                "ebs": {},
                "no_device": "",
                "virtual_name": "ephemeral9"
              },
              {
                "device_name": "xvdck",
                "ebs": {},
                "no_device": "",
                "virtual_name": "ephemeral10"
              },
              {
                "device_name": "xvdcl",
                "ebs": {},
                "no_device": "",
                "virtual_name": "ephemeral11"
              },
              {
                "device_name": "xvdcm",
                "ebs": {},
                "no_device": "",
                "virtual_name": "ephemeral12"
              },
              {
                "device_name": "xvdcn",
                "ebs": {},
                "no_device": "",
                "virtual_name": "ephemeral13"
              },
              {
                "device_name": "xvdco",
                "ebs": {},
                "no_device": "",
                "virtual_name": "ephemeral14"
              },
              {
                "device_name": "xvdcp",
                "ebs": {},
                "no_device": "",
                "virtual_name": "ephemeral15"
              },
              {
                "device_name": "xvdcq",
                "ebs": {},
                "no_device": "",
                "virtual_name": "ephemeral16"
              },
              {
                "device_name": "xvdcr",
                "ebs": {},
                "no_device": "",
                "virtual_name": "ephemeral17"
              },
              {
                "device_name": "xvdcs",
                "ebs": {},
                "no_device": "",
                "virtual_name": "ephemeral18"
              },
              {
                "device_name": "xvdct",
                "ebs": {},
                "no_device": "",
                "virtual_name": "ephemeral19"
              },
              {
                "device_name": "xvdcu",
                "ebs": {},
                "no_device": "",
                "virtual_name": "ephemeral20"
              },
              {
                "device_name": "xvdcv",
                "ebs": {},
                "no_device": "",
                "virtual_name": "ephemeral21"
              },
              {
                "device_name": "xvdcw",
                "ebs": {},
                "no_device": "",
                "virtual_name": "ephemeral22"
              },
              {
                "device_name": "xvdcx",
                "ebs": {},
                "no_device": "",
                "virtual_name": "ephemeral23"
              },
              {
                "device_name": "xvdcy",
                "ebs": {},
                "no_device": "",
                "virtual_name": "ephemeral24"
              },
              {
                "device_name": "xvdcz",
                "ebs": {},
                "no_device": "",
                "virtual_name": "ephemeral25"
              }
            ],
            "creation_date": "2020-09-09T06:07:02.000Z",
            "description": "Microsoft Windows Server 2019 Core optimized for EKS and provided by Amazon",
            "executable_users": null,
            "filter": [
              {
                "name": "name",
                "values": [
                  "Windows_Server-2019-English-Core-EKS_Optimized-1.16-*"
                ]
              },
              {
                "name": "platform",
                "values": [
                  "windows"
                ]
              }
            ],
            "hypervisor": "xen",
            "id": "ami-0af44c4642768d581",
            "image_id": "ami-0af44c4642768d581",
            "image_location": "amazon/Windows_Server-2019-English-Core-EKS_Optimized-1.16-2020.09.09",
            "image_owner_alias": "amazon",
            "image_type": "machine",
            "kernel_id": null,
            "most_recent": true,
            "name": "Windows_Server-2019-English-Core-EKS_Optimized-1.16-2020.09.09",
            "name_regex": null,
            "owner_id": "801119661308",
            "owners": [
              "801119661308"
            ],
            "platform": "windows",
            "product_codes": [],
            "public": true,
            "ramdisk_id": null,
            "root_device_name": "/dev/sda1",
            "root_device_type": "ebs",
            "root_snapshot_id": "snap-0e0303a36922a498f",
            "sriov_net_support": "simple",
            "state": "available",
            "state_reason": {
              "code": "UNSET",
              "message": "UNSET"
            },
            "tags": {},
            "virtualization_type": "hvm"
          }
        }
      ]
    },
    {
      "module": "module.eks",
      "mode": "data",
      "type": "aws_caller_identity",
      "name": "current",
      "provider": "provider[\"registry.terraform.io/hashicorp/aws\"]",
      "instances": [
        {
          "schema_version": 0,
          "attributes": {
            "account_id": "535518648590",
            "arn": "arn:aws:iam::535518648590:user/evgenibi",
            "id": "2020-10-02 04:06:19.057906 +0000 UTC",
            "user_id": "AIDAXZL3GDEHHBXT2KRSD"
          }
        }
      ]
    },
    {
      "module": "module.eks",
      "mode": "data",
      "type": "aws_iam_policy_document",
      "name": "cluster_assume_role_policy",
      "provider": "provider[\"registry.terraform.io/hashicorp/aws\"]",
      "instances": [
        {
          "schema_version": 0,
          "attributes": {
            "id": "2764486067",
            "json": "{\n  \"Version\": \"2012-10-17\",\n  \"Statement\": [\n    {\n      \"Sid\": \"EKSClusterAssumeRole\",\n      \"Effect\": \"Allow\",\n      \"Action\": \"sts:AssumeRole\",\n      \"Principal\": {\n        \"Service\": \"eks.amazonaws.com\"\n      }\n    }\n  ]\n}",
            "override_json": null,
            "policy_id": null,
            "source_json": null,
            "statement": [
              {
                "actions": [
                  "sts:AssumeRole"
                ],
                "condition": [],
                "effect": "Allow",
                "not_actions": [],
                "not_principals": [],
                "not_resources": [],
                "principals": [
                  {
                    "identifiers": [
                      "eks.amazonaws.com"
                    ],
                    "type": "Service"
                  }
                ],
                "resources": [],
                "sid": "EKSClusterAssumeRole"
              }
            ],
            "version": "2012-10-17"
          }
        }
      ]
    },
    {
      "module": "module.eks",
      "mode": "data",
      "type": "aws_iam_policy_document",
      "name": "cluster_elb_sl_role_creation",
      "provider": "provider[\"registry.terraform.io/hashicorp/aws\"]",
      "instances": [
        {
          "index_key": 0,
          "schema_version": 0,
          "attributes": {
            "id": "3407219844",
            "json": "{\n  \"Version\": \"2012-10-17\",\n  \"Statement\": [\n    {\n      \"Sid\": \"\",\n      \"Effect\": \"Allow\",\n      \"Action\": [\n        \"ec2:DescribeInternetGateways\",\n        \"ec2:DescribeAccountAttributes\"\n      ],\n      \"Resource\": \"*\"\n    }\n  ]\n}",
            "override_json": null,
            "policy_id": null,
            "source_json": null,
            "statement": [
              {
                "actions": [
                  "ec2:DescribeAccountAttributes",
                  "ec2:DescribeInternetGateways"
                ],
                "condition": [],
                "effect": "Allow",
                "not_actions": [],
                "not_principals": [],
                "not_resources": [],
                "principals": [],
                "resources": [
                  "*"
                ],
                "sid": ""
              }
            ],
            "version": "2012-10-17"
          }
        }
      ]
    },
    {
      "module": "module.eks",
      "mode": "data",
      "type": "aws_iam_policy_document",
      "name": "workers_assume_role_policy",
      "provider": "provider[\"registry.terraform.io/hashicorp/aws\"]",
      "instances": [
        {
          "schema_version": 0,
          "attributes": {
            "id": "3778018924",
            "json": "{\n  \"Version\": \"2012-10-17\",\n  \"Statement\": [\n    {\n      \"Sid\": \"EKSWorkerAssumeRole\",\n      \"Effect\": \"Allow\",\n      \"Action\": \"sts:AssumeRole\",\n      \"Principal\": {\n        \"Service\": \"ec2.amazonaws.com\"\n      }\n    }\n  ]\n}",
            "override_json": null,
            "policy_id": null,
            "source_json": null,
            "statement": [
              {
                "actions": [
                  "sts:AssumeRole"
                ],
                "condition": [],
                "effect": "Allow",
                "not_actions": [],
                "not_principals": [],
                "not_resources": [],
                "principals": [
                  {
                    "identifiers": [
                      "ec2.amazonaws.com"
                    ],
                    "type": "Service"
                  }
                ],
                "resources": [],
                "sid": "EKSWorkerAssumeRole"
              }
            ],
            "version": "2012-10-17"
          }
        }
      ]
    },
    {
      "module": "module.eks",
      "mode": "data",
      "type": "aws_partition",
      "name": "current",
      "provider": "provider[\"registry.terraform.io/hashicorp/aws\"]",
      "instances": [
        {
          "schema_version": 0,
          "attributes": {
            "dns_suffix": "amazonaws.com",
            "id": "2020-10-02 04:06:18.127655 +0000 UTC",
            "partition": "aws"
          }
        }
      ]
    },
    {
      "module": "module.eks",
      "mode": "data",
      "type": "template_file",
      "name": "launch_template_userdata",
      "provider": "provider[\"registry.terraform.io/hashicorp/template\"]",
      "instances": [
        {
          "index_key": 0,
          "schema_version": 0,
          "attributes": {
            "filename": null,
            "id": "fd3ee92e0c55f911ae18dd561f3542ee919a5014f8d33adfc33ca45623caed87",
            "rendered": "#!/bin/bash -xe\n\n# Allow user supplied pre userdata code\n\n\n# Bootstrap and join the cluster\n/etc/eks/bootstrap.sh --b64-cluster-ca 'LS0tLS1CRUdJTiBDRVJUSUZJQ0FURS0tLS0tCk1JSUN5RENDQWJDZ0F3SUJBZ0lCQURBTkJna3Foa2lHOXcwQkFRc0ZBREFWTVJNd0VRWURWUVFERXdwcmRXSmwKY201bGRHVnpNQjRYRFRJd01UQXdNakEwTVRZeE1Wb1hEVE13TURrek1EQTBNVFl4TVZvd0ZURVRNQkVHQTFVRQpBeE1LYTNWaVpYSnVaWFJsY3pDQ0FTSXdEUVlKS29aSWh2Y05BUUVCQlFBRGdnRVBBRENDQVFvQ2dnRUJBTDJyCmMySzlKaHcxTkhWTHhCWVVtYlo1bWQyZG1NdnhLR2dGUUpGa3NReGtpT01leUxGSmxRaDlZanh1SGlQeW9jTlMKQjdTdGRQZWxhNlhvd0ZLQmdLdURzZ0t6UFhtYnhpTzFKczdQdjVrSDQ3d29LYnRualhPVFVUSldCblJvZEN0NQpianh1d01HQW5XbjNpNHR5UkFOa2J2Q3U1SGVhMU9HSCt3S2JmU21HbXBxL1I2UHBTU3BDVDY2cjNmMDdHK2xCCjhiK1liMW03V3Q3S0VVQ2xRYVR2NUNRa0MrVEk0VGhBYjZsYVcxaFJ0NTY0UWlPNFNDNmdxVnJMMDdtZWNoTVMKNzRzdzdJZ0hMdnA4MzRBTWNLVkEvUHliWFpFc2FXQ1lUTC9pRUYwekNoWTY5T3VyMStDOEYxQSswK3ErZ0FVNQpnaXNLVkZUQisvYk01Z1Z6anNNQ0F3RUFBYU1qTUNFd0RnWURWUjBQQVFIL0JBUURBZ0trTUE4R0ExVWRFd0VCCi93UUZNQU1CQWY4d0RRWUpLb1pJaHZjTkFRRUxCUUFEZ2dFQkFLVGtPRmdid055akZucENxc2hCdk93UGpNN2wKallaejJ6LzNtZXQvYzFmWGU5cjNsT1dxMnlHaXVuWEJLSUIxU09DejgxWnI0dng3ODlhb1VIWGk1ZWU2Y0x3TQp2YkM1ZUdwMG9FYmoreCtlRXU5SGN1cGdJQjY5ZXNieXAyUnRCT0piNFFkdms1VDlSNkt5MHVJRm4vZEVUMTk0CkIvQlhRdFRQSXNsYzZwR09BTFZTMG5BQlArRmRkNEhXdmdaKy9Pa25LRzE2QkZXZnFFeGpmNXY1ZUduamRGUnIKRjl6OFRhRFpiMnArR0dpV2xMYXZ5L0c5MXlPME9NNWZ1UEJGV0lkK2pSVDQvWE55U2hCVmkvcmhoV25iK1RoaApwdDd2bVpLTFBzQnBRWSs4SWVxc2JYWUxDem9KSzE4ZVp4cDZQem91RDR0VjZuMUFFZUZXUFpRZ25Ydz0KLS0tLS1FTkQgQ0VSVElGSUNBVEUtLS0tLQo=' --apiserver-endpoint 'https://8E1758ACBC85665664D0DAF3149ACE58.sk1.us-east-1.eks.amazonaws.com'  --kubelet-extra-args \"--node-labels=type=cluster-system,node_role=main\" 'john'\n\n# Allow user supplied userdata code\n\n",
            "template": "#!/bin/bash -xe\n\n# Allow user supplied pre userdata code\n${pre_userdata}\n\n# Bootstrap and join the cluster\n/etc/eks/bootstrap.sh --b64-cluster-ca '${cluster_auth_base64}' --apiserver-endpoint '${endpoint}' ${bootstrap_extra_args} --kubelet-extra-args \"${kubelet_extra_args}\" '${cluster_name}'\n\n# Allow user supplied userdata code\n${additional_userdata}\n",
            "vars": {
              "additional_userdata": "",
              "bootstrap_extra_args": "",
              "cluster_auth_base64": "LS0tLS1CRUdJTiBDRVJUSUZJQ0FURS0tLS0tCk1JSUN5RENDQWJDZ0F3SUJBZ0lCQURBTkJna3Foa2lHOXcwQkFRc0ZBREFWTVJNd0VRWURWUVFERXdwcmRXSmwKY201bGRHVnpNQjRYRFRJd01UQXdNakEwTVRZeE1Wb1hEVE13TURrek1EQTBNVFl4TVZvd0ZURVRNQkVHQTFVRQpBeE1LYTNWaVpYSnVaWFJsY3pDQ0FTSXdEUVlKS29aSWh2Y05BUUVCQlFBRGdnRVBBRENDQVFvQ2dnRUJBTDJyCmMySzlKaHcxTkhWTHhCWVVtYlo1bWQyZG1NdnhLR2dGUUpGa3NReGtpT01leUxGSmxRaDlZanh1SGlQeW9jTlMKQjdTdGRQZWxhNlhvd0ZLQmdLdURzZ0t6UFhtYnhpTzFKczdQdjVrSDQ3d29LYnRualhPVFVUSldCblJvZEN0NQpianh1d01HQW5XbjNpNHR5UkFOa2J2Q3U1SGVhMU9HSCt3S2JmU21HbXBxL1I2UHBTU3BDVDY2cjNmMDdHK2xCCjhiK1liMW03V3Q3S0VVQ2xRYVR2NUNRa0MrVEk0VGhBYjZsYVcxaFJ0NTY0UWlPNFNDNmdxVnJMMDdtZWNoTVMKNzRzdzdJZ0hMdnA4MzRBTWNLVkEvUHliWFpFc2FXQ1lUTC9pRUYwekNoWTY5T3VyMStDOEYxQSswK3ErZ0FVNQpnaXNLVkZUQisvYk01Z1Z6anNNQ0F3RUFBYU1qTUNFd0RnWURWUjBQQVFIL0JBUURBZ0trTUE4R0ExVWRFd0VCCi93UUZNQU1CQWY4d0RRWUpLb1pJaHZjTkFRRUxCUUFEZ2dFQkFLVGtPRmdid055akZucENxc2hCdk93UGpNN2wKallaejJ6LzNtZXQvYzFmWGU5cjNsT1dxMnlHaXVuWEJLSUIxU09DejgxWnI0dng3ODlhb1VIWGk1ZWU2Y0x3TQp2YkM1ZUdwMG9FYmoreCtlRXU5SGN1cGdJQjY5ZXNieXAyUnRCT0piNFFkdms1VDlSNkt5MHVJRm4vZEVUMTk0CkIvQlhRdFRQSXNsYzZwR09BTFZTMG5BQlArRmRkNEhXdmdaKy9Pa25LRzE2QkZXZnFFeGpmNXY1ZUduamRGUnIKRjl6OFRhRFpiMnArR0dpV2xMYXZ5L0c5MXlPME9NNWZ1UEJGV0lkK2pSVDQvWE55U2hCVmkvcmhoV25iK1RoaApwdDd2bVpLTFBzQnBRWSs4SWVxc2JYWUxDem9KSzE4ZVp4cDZQem91RDR0VjZuMUFFZUZXUFpRZ25Ydz0KLS0tLS1FTkQgQ0VSVElGSUNBVEUtLS0tLQo=",
              "cluster_name": "john",
              "endpoint": "https://8E1758ACBC85665664D0DAF3149ACE58.sk1.us-east-1.eks.amazonaws.com",
              "kubelet_extra_args": "--node-labels=type=cluster-system,node_role=main",
              "platform": "linux",
              "pre_userdata": ""
            }
          }
        },
        {
          "index_key": 1,
          "schema_version": 0,
          "attributes": {
            "filename": null,
            "id": "fd3ee92e0c55f911ae18dd561f3542ee919a5014f8d33adfc33ca45623caed87",
            "rendered": "#!/bin/bash -xe\n\n# Allow user supplied pre userdata code\n\n\n# Bootstrap and join the cluster\n/etc/eks/bootstrap.sh --b64-cluster-ca 'LS0tLS1CRUdJTiBDRVJUSUZJQ0FURS0tLS0tCk1JSUN5RENDQWJDZ0F3SUJBZ0lCQURBTkJna3Foa2lHOXcwQkFRc0ZBREFWTVJNd0VRWURWUVFERXdwcmRXSmwKY201bGRHVnpNQjRYRFRJd01UQXdNakEwTVRZeE1Wb1hEVE13TURrek1EQTBNVFl4TVZvd0ZURVRNQkVHQTFVRQpBeE1LYTNWaVpYSnVaWFJsY3pDQ0FTSXdEUVlKS29aSWh2Y05BUUVCQlFBRGdnRVBBRENDQVFvQ2dnRUJBTDJyCmMySzlKaHcxTkhWTHhCWVVtYlo1bWQyZG1NdnhLR2dGUUpGa3NReGtpT01leUxGSmxRaDlZanh1SGlQeW9jTlMKQjdTdGRQZWxhNlhvd0ZLQmdLdURzZ0t6UFhtYnhpTzFKczdQdjVrSDQ3d29LYnRualhPVFVUSldCblJvZEN0NQpianh1d01HQW5XbjNpNHR5UkFOa2J2Q3U1SGVhMU9HSCt3S2JmU21HbXBxL1I2UHBTU3BDVDY2cjNmMDdHK2xCCjhiK1liMW03V3Q3S0VVQ2xRYVR2NUNRa0MrVEk0VGhBYjZsYVcxaFJ0NTY0UWlPNFNDNmdxVnJMMDdtZWNoTVMKNzRzdzdJZ0hMdnA4MzRBTWNLVkEvUHliWFpFc2FXQ1lUTC9pRUYwekNoWTY5T3VyMStDOEYxQSswK3ErZ0FVNQpnaXNLVkZUQisvYk01Z1Z6anNNQ0F3RUFBYU1qTUNFd0RnWURWUjBQQVFIL0JBUURBZ0trTUE4R0ExVWRFd0VCCi93UUZNQU1CQWY4d0RRWUpLb1pJaHZjTkFRRUxCUUFEZ2dFQkFLVGtPRmdid055akZucENxc2hCdk93UGpNN2wKallaejJ6LzNtZXQvYzFmWGU5cjNsT1dxMnlHaXVuWEJLSUIxU09DejgxWnI0dng3ODlhb1VIWGk1ZWU2Y0x3TQp2YkM1ZUdwMG9FYmoreCtlRXU5SGN1cGdJQjY5ZXNieXAyUnRCT0piNFFkdms1VDlSNkt5MHVJRm4vZEVUMTk0CkIvQlhRdFRQSXNsYzZwR09BTFZTMG5BQlArRmRkNEhXdmdaKy9Pa25LRzE2QkZXZnFFeGpmNXY1ZUduamRGUnIKRjl6OFRhRFpiMnArR0dpV2xMYXZ5L0c5MXlPME9NNWZ1UEJGV0lkK2pSVDQvWE55U2hCVmkvcmhoV25iK1RoaApwdDd2bVpLTFBzQnBRWSs4SWVxc2JYWUxDem9KSzE4ZVp4cDZQem91RDR0VjZuMUFFZUZXUFpRZ25Ydz0KLS0tLS1FTkQgQ0VSVElGSUNBVEUtLS0tLQo=' --apiserver-endpoint 'https://8E1758ACBC85665664D0DAF3149ACE58.sk1.us-east-1.eks.amazonaws.com'  --kubelet-extra-args \"--node-labels=type=cluster-system,node_role=main\" 'john'\n\n# Allow user supplied userdata code\n\n",
            "template": "#!/bin/bash -xe\n\n# Allow user supplied pre userdata code\n${pre_userdata}\n\n# Bootstrap and join the cluster\n/etc/eks/bootstrap.sh --b64-cluster-ca '${cluster_auth_base64}' --apiserver-endpoint '${endpoint}' ${bootstrap_extra_args} --kubelet-extra-args \"${kubelet_extra_args}\" '${cluster_name}'\n\n# Allow user supplied userdata code\n${additional_userdata}\n",
            "vars": {
              "additional_userdata": "",
              "bootstrap_extra_args": "",
              "cluster_auth_base64": "LS0tLS1CRUdJTiBDRVJUSUZJQ0FURS0tLS0tCk1JSUN5RENDQWJDZ0F3SUJBZ0lCQURBTkJna3Foa2lHOXcwQkFRc0ZBREFWTVJNd0VRWURWUVFERXdwcmRXSmwKY201bGRHVnpNQjRYRFRJd01UQXdNakEwTVRZeE1Wb1hEVE13TURrek1EQTBNVFl4TVZvd0ZURVRNQkVHQTFVRQpBeE1LYTNWaVpYSnVaWFJsY3pDQ0FTSXdEUVlKS29aSWh2Y05BUUVCQlFBRGdnRVBBRENDQVFvQ2dnRUJBTDJyCmMySzlKaHcxTkhWTHhCWVVtYlo1bWQyZG1NdnhLR2dGUUpGa3NReGtpT01leUxGSmxRaDlZanh1SGlQeW9jTlMKQjdTdGRQZWxhNlhvd0ZLQmdLdURzZ0t6UFhtYnhpTzFKczdQdjVrSDQ3d29LYnRualhPVFVUSldCblJvZEN0NQpianh1d01HQW5XbjNpNHR5UkFOa2J2Q3U1SGVhMU9HSCt3S2JmU21HbXBxL1I2UHBTU3BDVDY2cjNmMDdHK2xCCjhiK1liMW03V3Q3S0VVQ2xRYVR2NUNRa0MrVEk0VGhBYjZsYVcxaFJ0NTY0UWlPNFNDNmdxVnJMMDdtZWNoTVMKNzRzdzdJZ0hMdnA4MzRBTWNLVkEvUHliWFpFc2FXQ1lUTC9pRUYwekNoWTY5T3VyMStDOEYxQSswK3ErZ0FVNQpnaXNLVkZUQisvYk01Z1Z6anNNQ0F3RUFBYU1qTUNFd0RnWURWUjBQQVFIL0JBUURBZ0trTUE4R0ExVWRFd0VCCi93UUZNQU1CQWY4d0RRWUpLb1pJaHZjTkFRRUxCUUFEZ2dFQkFLVGtPRmdid055akZucENxc2hCdk93UGpNN2wKallaejJ6LzNtZXQvYzFmWGU5cjNsT1dxMnlHaXVuWEJLSUIxU09DejgxWnI0dng3ODlhb1VIWGk1ZWU2Y0x3TQp2YkM1ZUdwMG9FYmoreCtlRXU5SGN1cGdJQjY5ZXNieXAyUnRCT0piNFFkdms1VDlSNkt5MHVJRm4vZEVUMTk0CkIvQlhRdFRQSXNsYzZwR09BTFZTMG5BQlArRmRkNEhXdmdaKy9Pa25LRzE2QkZXZnFFeGpmNXY1ZUduamRGUnIKRjl6OFRhRFpiMnArR0dpV2xMYXZ5L0c5MXlPME9NNWZ1UEJGV0lkK2pSVDQvWE55U2hCVmkvcmhoV25iK1RoaApwdDd2bVpLTFBzQnBRWSs4SWVxc2JYWUxDem9KSzE4ZVp4cDZQem91RDR0VjZuMUFFZUZXUFpRZ25Ydz0KLS0tLS1FTkQgQ0VSVElGSUNBVEUtLS0tLQo=",
              "cluster_name": "john",
              "endpoint": "https://8E1758ACBC85665664D0DAF3149ACE58.sk1.us-east-1.eks.amazonaws.com",
              "kubelet_extra_args": "--node-labels=type=cluster-system,node_role=main",
              "platform": "linux",
              "pre_userdata": ""
            }
          }
        }
      ]
    },
    {
      "module": "module.eks",
      "mode": "managed",
      "type": "aws_autoscaling_group",
      "name": "workers_launch_template",
      "provider": "provider[\"registry.terraform.io/hashicorp/aws\"]",
      "instances": [
        {
          "index_key": 0,
          "schema_version": 0,
          "attributes": {
            "arn": "arn:aws:autoscaling:us-east-1:535518648590:autoScalingGroup:b7de42de-adb0-4dfc-b89b-3ea40f73e419:autoScalingGroupName/john-initial20201002042153161600000012",
            "availability_zones": [
              "us-east-1a",
              "us-east-1b"
            ],
            "default_cooldown": 300,
            "desired_capacity": 3,
            "enabled_metrics": null,
            "force_delete": false,
            "health_check_grace_period": 300,
            "health_check_type": "EC2",
            "id": "john-initial20201002042153161600000012",
            "initial_lifecycle_hook": [],
            "launch_configuration": "",
            "launch_template": [],
            "load_balancers": null,
            "max_instance_lifetime": 0,
            "max_size": 3,
            "metrics_granularity": "1Minute",
            "min_elb_capacity": null,
            "min_size": 1,
            "mixed_instances_policy": [
              {
                "instances_distribution": [
                  {
                    "on_demand_allocation_strategy": "prioritized",
                    "on_demand_base_capacity": 0,
                    "on_demand_percentage_above_base_capacity": 0,
                    "spot_allocation_strategy": "lowest-price",
                    "spot_instance_pools": 1,
                    "spot_max_price": ""
                  }
                ],
                "launch_template": [
                  {
                    "launch_template_specification": [
                      {
                        "launch_template_id": "lt-09af7573de920eb13",
                        "launch_template_name": "john-initial2020100204214878350000000e",
                        "version": "$Latest"
                      }
                    ],
                    "override": [
                      {
                        "instance_type": "t3.xlarge",
                        "weighted_capacity": ""
                      }
                    ]
                  }
                ]
              }
            ],
            "name": "john-initial20201002042153161600000012",
            "name_prefix": "john-initial",
            "placement_group": "",
            "protect_from_scale_in": false,
            "service_linked_role_arn": "arn:aws:iam::535518648590:role/aws-service-role/autoscaling.amazonaws.com/AWSServiceRoleForAutoScaling",
            "suspended_processes": [
              "AZRebalance"
            ],
            "tag": [],
            "tags": [
              {
                "key": "Name",
                "propagate_at_launch": "true",
                "value": "john-initial-eks_asg"
              },
              {
                "key": "kubernetes.io/cluster/john",
                "propagate_at_launch": "true",
                "value": "owned"
              }
            ],
            "target_group_arns": null,
            "termination_policies": [],
            "timeouts": null,
            "vpc_zone_identifier": [
              "subnet-0335cc8c74dd8cabe",
              "subnet-0d1e3d3bd12edb8a9"
            ],
            "wait_for_capacity_timeout": "10m",
            "wait_for_elb_capacity": null
          },
          "private": "eyJlMmJmYjczMC1lY2FhLTExZTYtOGY4OC0zNDM2M2JjN2M0YzAiOnsiZGVsZXRlIjo2MDAwMDAwMDAwMDB9fQ==",
          "dependencies": [
            "aws_subnet.eks_internal_subnets",
            "aws_vpc.main",
            "data.aws_availability_zones.avz",
            "module.eks.aws_cloudwatch_log_group.this",
            "module.eks.aws_eks_cluster.this",
            "module.eks.aws_iam_instance_profile.workers_launch_template",
            "module.eks.aws_iam_role.cluster",
            "module.eks.aws_iam_role.workers",
            "module.eks.aws_iam_role_policy_attachment.cluster_AmazonEKSClusterPolicy",
            "module.eks.aws_iam_role_policy_attachment.cluster_AmazonEKSServicePolicy",
            "module.eks.aws_iam_role_policy_attachment.workers_AmazonEC2ContainerRegistryReadOnly",
            "module.eks.aws_iam_role_policy_attachment.workers_AmazonEKSWorkerNodePolicy",
            "module.eks.aws_iam_role_policy_attachment.workers_AmazonEKS_CNI_Policy",
            "module.eks.aws_iam_role_policy_attachment.workers_additional_policies",
            "module.eks.aws_launch_template.workers_launch_template",
            "module.eks.aws_security_group.cluster",
            "module.eks.aws_security_group.workers",
            "module.eks.aws_security_group_rule.cluster_egress_internet",
            "module.eks.aws_security_group_rule.cluster_https_worker_ingress",
            "module.eks.aws_security_group_rule.cluster_primary_ingress_workers",
            "module.eks.aws_security_group_rule.workers_egress_internet",
            "module.eks.aws_security_group_rule.workers_ingress_cluster",
            "module.eks.aws_security_group_rule.workers_ingress_cluster_https",
            "module.eks.aws_security_group_rule.workers_ingress_cluster_kubelet",
            "module.eks.aws_security_group_rule.workers_ingress_cluster_primary",
            "module.eks.aws_security_group_rule.workers_ingress_self",
            "module.eks.data.aws_ami.eks_worker",
            "module.eks.data.aws_ami.eks_worker_windows",
            "module.eks.data.aws_iam_instance_profile.custom_worker_group_launch_template_iam_instance_profile",
            "module.eks.data.aws_iam_policy_document.cluster_assume_role_policy",
            "module.eks.data.aws_iam_policy_document.workers_assume_role_policy",
            "module.eks.data.aws_iam_role.custom_cluster_iam_role",
            "module.eks.data.aws_partition.current",
            "module.eks.data.template_file.launch_template_userdata",
            "module.eks.random_pet.workers_launch_template"
          ],
          "create_before_destroy": true
        },
        {
          "index_key": 1,
          "schema_version": 0,
          "attributes": {
            "arn": "arn:aws:autoscaling:us-east-1:535518648590:autoScalingGroup:fe3c7cc5-d27f-42d1-91db-b62f7bb91c60:autoScalingGroupName/john-secondery20201002042153161600000011",
            "availability_zones": [
              "us-east-1a",
              "us-east-1b"
            ],
            "default_cooldown": 300,
            "desired_capacity": 3,
            "enabled_metrics": null,
            "force_delete": false,
            "health_check_grace_period": 300,
            "health_check_type": "EC2",
            "id": "john-secondery20201002042153161600000011",
            "initial_lifecycle_hook": [],
            "launch_configuration": "",
            "launch_template": [],
            "load_balancers": null,
            "max_instance_lifetime": 0,
            "max_size": 3,
            "metrics_granularity": "1Minute",
            "min_elb_capacity": null,
            "min_size": 1,
            "mixed_instances_policy": [
              {
                "instances_distribution": [
                  {
                    "on_demand_allocation_strategy": "prioritized",
                    "on_demand_base_capacity": 0,
                    "on_demand_percentage_above_base_capacity": 0,
                    "spot_allocation_strategy": "lowest-price",
                    "spot_instance_pools": 1,
                    "spot_max_price": ""
                  }
                ],
                "launch_template": [
                  {
                    "launch_template_specification": [
                      {
                        "launch_template_id": "lt-0dcac376188c813f0",
                        "launch_template_name": "john-secondery2020100204214878330000000d",
                        "version": "$Latest"
                      }
                    ],
                    "override": [
                      {
                        "instance_type": "t3.xlarge",
                        "weighted_capacity": ""
                      }
                    ]
                  }
                ]
              }
            ],
            "name": "john-secondery20201002042153161600000011",
            "name_prefix": "john-secondery",
            "placement_group": "",
            "protect_from_scale_in": false,
            "service_linked_role_arn": "arn:aws:iam::535518648590:role/aws-service-role/autoscaling.amazonaws.com/AWSServiceRoleForAutoScaling",
            "suspended_processes": [
              "AZRebalance"
            ],
            "tag": [],
            "tags": [
              {
                "key": "Name",
                "propagate_at_launch": "true",
                "value": "john-secondery-eks_asg"
              },
              {
                "key": "kubernetes.io/cluster/john",
                "propagate_at_launch": "true",
                "value": "owned"
              }
            ],
            "target_group_arns": null,
            "termination_policies": [],
            "timeouts": null,
            "vpc_zone_identifier": [
              "subnet-0335cc8c74dd8cabe",
              "subnet-0d1e3d3bd12edb8a9"
            ],
            "wait_for_capacity_timeout": "10m",
            "wait_for_elb_capacity": null
          },
          "private": "eyJlMmJmYjczMC1lY2FhLTExZTYtOGY4OC0zNDM2M2JjN2M0YzAiOnsiZGVsZXRlIjo2MDAwMDAwMDAwMDB9fQ==",
          "dependencies": [
            "aws_subnet.eks_internal_subnets",
            "aws_vpc.main",
            "data.aws_availability_zones.avz",
            "module.eks.aws_cloudwatch_log_group.this",
            "module.eks.aws_eks_cluster.this",
            "module.eks.aws_iam_instance_profile.workers_launch_template",
            "module.eks.aws_iam_role.cluster",
            "module.eks.aws_iam_role.workers",
            "module.eks.aws_iam_role_policy_attachment.cluster_AmazonEKSClusterPolicy",
            "module.eks.aws_iam_role_policy_attachment.cluster_AmazonEKSServicePolicy",
            "module.eks.aws_iam_role_policy_attachment.workers_AmazonEC2ContainerRegistryReadOnly",
            "module.eks.aws_iam_role_policy_attachment.workers_AmazonEKSWorkerNodePolicy",
            "module.eks.aws_iam_role_policy_attachment.workers_AmazonEKS_CNI_Policy",
            "module.eks.aws_iam_role_policy_attachment.workers_additional_policies",
            "module.eks.aws_launch_template.workers_launch_template",
            "module.eks.aws_security_group.cluster",
            "module.eks.aws_security_group.workers",
            "module.eks.aws_security_group_rule.cluster_egress_internet",
            "module.eks.aws_security_group_rule.cluster_https_worker_ingress",
            "module.eks.aws_security_group_rule.cluster_primary_ingress_workers",
            "module.eks.aws_security_group_rule.workers_egress_internet",
            "module.eks.aws_security_group_rule.workers_ingress_cluster",
            "module.eks.aws_security_group_rule.workers_ingress_cluster_https",
            "module.eks.aws_security_group_rule.workers_ingress_cluster_kubelet",
            "module.eks.aws_security_group_rule.workers_ingress_cluster_primary",
            "module.eks.aws_security_group_rule.workers_ingress_self",
            "module.eks.data.aws_ami.eks_worker",
            "module.eks.data.aws_ami.eks_worker_windows",
            "module.eks.data.aws_iam_instance_profile.custom_worker_group_launch_template_iam_instance_profile",
            "module.eks.data.aws_iam_policy_document.cluster_assume_role_policy",
            "module.eks.data.aws_iam_policy_document.workers_assume_role_policy",
            "module.eks.data.aws_iam_role.custom_cluster_iam_role",
            "module.eks.data.aws_partition.current",
            "module.eks.data.template_file.launch_template_userdata",
            "module.eks.random_pet.workers_launch_template"
          ],
          "create_before_destroy": true
        }
      ]
    },
    {
      "module": "module.eks",
      "mode": "managed",
      "type": "aws_eks_cluster",
      "name": "this",
      "provider": "provider[\"registry.terraform.io/hashicorp/aws\"]",
      "instances": [
        {
          "index_key": 0,
          "schema_version": 0,
          "attributes": {
            "arn": "arn:aws:eks:us-east-1:535518648590:cluster/john",
            "certificate_authority": [
              {
                "data": "LS0tLS1CRUdJTiBDRVJUSUZJQ0FURS0tLS0tCk1JSUN5RENDQWJDZ0F3SUJBZ0lCQURBTkJna3Foa2lHOXcwQkFRc0ZBREFWTVJNd0VRWURWUVFERXdwcmRXSmwKY201bGRHVnpNQjRYRFRJd01UQXdNakEwTVRZeE1Wb1hEVE13TURrek1EQTBNVFl4TVZvd0ZURVRNQkVHQTFVRQpBeE1LYTNWaVpYSnVaWFJsY3pDQ0FTSXdEUVlKS29aSWh2Y05BUUVCQlFBRGdnRVBBRENDQVFvQ2dnRUJBTDJyCmMySzlKaHcxTkhWTHhCWVVtYlo1bWQyZG1NdnhLR2dGUUpGa3NReGtpT01leUxGSmxRaDlZanh1SGlQeW9jTlMKQjdTdGRQZWxhNlhvd0ZLQmdLdURzZ0t6UFhtYnhpTzFKczdQdjVrSDQ3d29LYnRualhPVFVUSldCblJvZEN0NQpianh1d01HQW5XbjNpNHR5UkFOa2J2Q3U1SGVhMU9HSCt3S2JmU21HbXBxL1I2UHBTU3BDVDY2cjNmMDdHK2xCCjhiK1liMW03V3Q3S0VVQ2xRYVR2NUNRa0MrVEk0VGhBYjZsYVcxaFJ0NTY0UWlPNFNDNmdxVnJMMDdtZWNoTVMKNzRzdzdJZ0hMdnA4MzRBTWNLVkEvUHliWFpFc2FXQ1lUTC9pRUYwekNoWTY5T3VyMStDOEYxQSswK3ErZ0FVNQpnaXNLVkZUQisvYk01Z1Z6anNNQ0F3RUFBYU1qTUNFd0RnWURWUjBQQVFIL0JBUURBZ0trTUE4R0ExVWRFd0VCCi93UUZNQU1CQWY4d0RRWUpLb1pJaHZjTkFRRUxCUUFEZ2dFQkFLVGtPRmdid055akZucENxc2hCdk93UGpNN2wKallaejJ6LzNtZXQvYzFmWGU5cjNsT1dxMnlHaXVuWEJLSUIxU09DejgxWnI0dng3ODlhb1VIWGk1ZWU2Y0x3TQp2YkM1ZUdwMG9FYmoreCtlRXU5SGN1cGdJQjY5ZXNieXAyUnRCT0piNFFkdms1VDlSNkt5MHVJRm4vZEVUMTk0CkIvQlhRdFRQSXNsYzZwR09BTFZTMG5BQlArRmRkNEhXdmdaKy9Pa25LRzE2QkZXZnFFeGpmNXY1ZUduamRGUnIKRjl6OFRhRFpiMnArR0dpV2xMYXZ5L0c5MXlPME9NNWZ1UEJGV0lkK2pSVDQvWE55U2hCVmkvcmhoV25iK1RoaApwdDd2bVpLTFBzQnBRWSs4SWVxc2JYWUxDem9KSzE4ZVp4cDZQem91RDR0VjZuMUFFZUZXUFpRZ25Ydz0KLS0tLS1FTkQgQ0VSVElGSUNBVEUtLS0tLQo="
              }
            ],
            "created_at": "2020-10-02 04:07:01.458 +0000 UTC",
            "enabled_cluster_log_types": null,
            "encryption_config": [],
            "endpoint": "https://8E1758ACBC85665664D0DAF3149ACE58.sk1.us-east-1.eks.amazonaws.com",
            "id": "john",
            "identity": [
              {
                "oidc": [
                  {
                    "issuer": "https://oidc.eks.us-east-1.amazonaws.com/id/8E1758ACBC85665664D0DAF3149ACE58"
                  }
                ]
              }
            ],
            "name": "john",
            "platform_version": "eks.3",
            "role_arn": "arn:aws:iam::535518648590:role/john20201002040628653300000001",
            "status": "ACTIVE",
            "tags": null,
            "timeouts": {
              "create": "35m",
              "delete": "20m",
              "update": null
            },
            "version": "1.16",
            "vpc_config": [
              {
                "cluster_security_group_id": "sg-0eac64edab44b8b76",
                "endpoint_private_access": false,
                "endpoint_public_access": true,
                "public_access_cidrs": [
                  "0.0.0.0/0"
                ],
                "security_group_ids": [
                  "sg-0ba6669926da3217b"
                ],
                "subnet_ids": [
                  "subnet-0335cc8c74dd8cabe",
                  "subnet-0d1e3d3bd12edb8a9"
                ],
                "vpc_id": "vpc-0db237ec574ea3562"
              }
            ]
          },
          "private": "eyJlMmJmYjczMC1lY2FhLTExZTYtOGY4OC0zNDM2M2JjN2M0YzAiOnsiY3JlYXRlIjoyMTAwMDAwMDAwMDAwLCJkZWxldGUiOjEyMDAwMDAwMDAwMDAsInVwZGF0ZSI6MzYwMDAwMDAwMDAwMH19",
          "dependencies": [
            "aws_subnet.eks_internal_subnets",
            "aws_vpc.main",
            "data.aws_availability_zones.avz",
            "module.eks.aws_cloudwatch_log_group.this",
            "module.eks.aws_iam_role.cluster",
            "module.eks.aws_iam_role_policy_attachment.cluster_AmazonEKSClusterPolicy",
            "module.eks.aws_iam_role_policy_attachment.cluster_AmazonEKSServicePolicy",
            "module.eks.aws_security_group.cluster",
            "module.eks.aws_security_group.workers",
            "module.eks.aws_security_group_rule.cluster_egress_internet",
            "module.eks.aws_security_group_rule.cluster_https_worker_ingress",
            "module.eks.data.aws_iam_policy_document.cluster_assume_role_policy",
            "module.eks.data.aws_iam_role.custom_cluster_iam_role",
            "module.eks.data.aws_partition.current"
          ],
          "create_before_destroy": true
        }
      ]
    },
    {
      "module": "module.eks",
      "mode": "managed",
      "type": "aws_iam_instance_profile",
      "name": "workers_launch_template",
      "provider": "provider[\"registry.terraform.io/hashicorp/aws\"]",
      "instances": [
        {
          "index_key": 0,
          "schema_version": 0,
          "attributes": {
            "arn": "arn:aws:iam::535518648590:instance-profile/john20201002042135861800000009",
            "create_date": "2020-10-02T04:21:36Z",
            "id": "john20201002042135861800000009",
            "name": "john20201002042135861800000009",
            "name_prefix": "john",
            "path": "/",
            "role": "john20201002042133318400000007",
            "unique_id": "AIPAXZL3GDEHCM7QPJA7D"
          },
          "private": "bnVsbA==",
          "dependencies": [
            "aws_subnet.eks_internal_subnets",
            "aws_vpc.main",
            "data.aws_availability_zones.avz",
            "module.eks.aws_cloudwatch_log_group.this",
            "module.eks.aws_eks_cluster.this",
            "module.eks.aws_iam_role.cluster",
            "module.eks.aws_iam_role.workers",
            "module.eks.aws_iam_role_policy_attachment.cluster_AmazonEKSClusterPolicy",
            "module.eks.aws_iam_role_policy_attachment.cluster_AmazonEKSServicePolicy",
            "module.eks.aws_security_group.cluster",
            "module.eks.aws_security_group.workers",
            "module.eks.aws_security_group_rule.cluster_egress_internet",
            "module.eks.aws_security_group_rule.cluster_https_worker_ingress",
            "module.eks.data.aws_iam_policy_document.cluster_assume_role_policy",
            "module.eks.data.aws_iam_policy_document.workers_assume_role_policy",
            "module.eks.data.aws_iam_role.custom_cluster_iam_role",
            "module.eks.data.aws_partition.current"
          ],
          "create_before_destroy": true
        },
        {
          "index_key": 1,
          "schema_version": 0,
          "attributes": {
            "arn": "arn:aws:iam::535518648590:instance-profile/john20201002042135861700000008",
            "create_date": "2020-10-02T04:21:37Z",
            "id": "john20201002042135861700000008",
            "name": "john20201002042135861700000008",
            "name_prefix": "john",
            "path": "/",
            "role": "john20201002042133318400000007",
            "unique_id": "AIPAXZL3GDEHM5H3I4NQ4"
          },
          "private": "bnVsbA==",
          "dependencies": [
            "aws_subnet.eks_internal_subnets",
            "aws_vpc.main",
            "data.aws_availability_zones.avz",
            "module.eks.aws_cloudwatch_log_group.this",
            "module.eks.aws_eks_cluster.this",
            "module.eks.aws_iam_role.cluster",
            "module.eks.aws_iam_role.workers",
            "module.eks.aws_iam_role_policy_attachment.cluster_AmazonEKSClusterPolicy",
            "module.eks.aws_iam_role_policy_attachment.cluster_AmazonEKSServicePolicy",
            "module.eks.aws_security_group.cluster",
            "module.eks.aws_security_group.workers",
            "module.eks.aws_security_group_rule.cluster_egress_internet",
            "module.eks.aws_security_group_rule.cluster_https_worker_ingress",
            "module.eks.data.aws_iam_policy_document.cluster_assume_role_policy",
            "module.eks.data.aws_iam_policy_document.workers_assume_role_policy",
            "module.eks.data.aws_iam_role.custom_cluster_iam_role",
            "module.eks.data.aws_partition.current"
          ],
          "create_before_destroy": true
        }
      ]
    },
    {
      "module": "module.eks",
      "mode": "managed",
      "type": "aws_iam_role",
      "name": "cluster",
      "provider": "provider[\"registry.terraform.io/hashicorp/aws\"]",
      "instances": [
        {
          "index_key": 0,
          "schema_version": 0,
          "attributes": {
            "arn": "arn:aws:iam::535518648590:role/john20201002040628653300000001",
            "assume_role_policy": "{\"Version\":\"2012-10-17\",\"Statement\":[{\"Sid\":\"EKSClusterAssumeRole\",\"Effect\":\"Allow\",\"Principal\":{\"Service\":\"eks.amazonaws.com\"},\"Action\":\"sts:AssumeRole\"}]}",
            "create_date": "2020-10-02T04:06:40Z",
            "description": "",
            "force_detach_policies": true,
            "id": "john20201002040628653300000001",
            "max_session_duration": 3600,
            "name": "john20201002040628653300000001",
            "name_prefix": "john",
            "path": "/",
            "permissions_boundary": null,
            "tags": null,
            "unique_id": "AROAXZL3GDEHGI5IX5TGF"
          },
          "private": "bnVsbA==",
          "dependencies": [
            "module.eks.data.aws_iam_policy_document.cluster_assume_role_policy"
          ],
          "create_before_destroy": true
        }
      ]
    },
    {
      "module": "module.eks",
      "mode": "managed",
      "type": "aws_iam_role",
      "name": "workers",
      "provider": "provider[\"registry.terraform.io/hashicorp/aws\"]",
      "instances": [
        {
          "index_key": 0,
          "schema_version": 0,
          "attributes": {
            "arn": "arn:aws:iam::535518648590:role/john20201002042133318400000007",
            "assume_role_policy": "{\"Version\":\"2012-10-17\",\"Statement\":[{\"Sid\":\"EKSWorkerAssumeRole\",\"Effect\":\"Allow\",\"Principal\":{\"Service\":\"ec2.amazonaws.com\"},\"Action\":\"sts:AssumeRole\"}]}",
            "create_date": "2020-10-02T04:21:34Z",
            "description": "",
            "force_detach_policies": true,
            "id": "john20201002042133318400000007",
            "max_session_duration": 3600,
            "name": "john20201002042133318400000007",
            "name_prefix": "john",
            "path": "/",
            "permissions_boundary": null,
            "tags": null,
            "unique_id": "AROAXZL3GDEHCHHIMPSX5"
          },
          "private": "bnVsbA==",
          "dependencies": [
            "aws_subnet.eks_internal_subnets",
            "aws_vpc.main",
            "data.aws_availability_zones.avz",
            "module.eks.aws_cloudwatch_log_group.this",
            "module.eks.aws_eks_cluster.this",
            "module.eks.aws_iam_role.cluster",
            "module.eks.aws_iam_role_policy_attachment.cluster_AmazonEKSClusterPolicy",
            "module.eks.aws_iam_role_policy_attachment.cluster_AmazonEKSServicePolicy",
            "module.eks.aws_security_group.cluster",
            "module.eks.aws_security_group.workers",
            "module.eks.aws_security_group_rule.cluster_egress_internet",
            "module.eks.aws_security_group_rule.cluster_https_worker_ingress",
            "module.eks.data.aws_iam_policy_document.cluster_assume_role_policy",
            "module.eks.data.aws_iam_policy_document.workers_assume_role_policy",
            "module.eks.data.aws_iam_role.custom_cluster_iam_role",
            "module.eks.data.aws_partition.current"
          ],
          "create_before_destroy": true
        }
      ]
    },
    {
      "module": "module.eks",
      "mode": "managed",
      "type": "aws_iam_role_policy",
      "name": "cluster_elb_sl_role_creation",
      "provider": "provider[\"registry.terraform.io/hashicorp/aws\"]",
      "instances": [
        {
          "index_key": 0,
          "schema_version": 0,
          "attributes": {
            "id": "john20201002040628653300000001:john-elb-sl-role-creation20201002040641745500000002",
            "name": "john-elb-sl-role-creation20201002040641745500000002",
            "name_prefix": "john-elb-sl-role-creation",
            "policy": "{\n  \"Version\": \"2012-10-17\",\n  \"Statement\": [\n    {\n      \"Sid\": \"\",\n      \"Effect\": \"Allow\",\n      \"Action\": [\n        \"ec2:DescribeInternetGateways\",\n        \"ec2:DescribeAccountAttributes\"\n      ],\n      \"Resource\": \"*\"\n    }\n  ]\n}",
            "role": "john20201002040628653300000001"
          },
          "private": "bnVsbA==",
          "dependencies": [
            "module.eks.aws_iam_role.cluster",
            "module.eks.data.aws_iam_policy_document.cluster_assume_role_policy",
            "module.eks.data.aws_iam_policy_document.cluster_elb_sl_role_creation"
          ]
        }
      ]
    },
    {
      "module": "module.eks",
      "mode": "managed",
      "type": "aws_iam_role_policy_attachment",
      "name": "cluster_AmazonEKSClusterPolicy",
      "provider": "provider[\"registry.terraform.io/hashicorp/aws\"]",
      "instances": [
        {
          "index_key": 0,
          "schema_version": 0,
          "attributes": {
            "id": "john20201002040628653300000001-20201002040653387900000006",
            "policy_arn": "arn:aws:iam::aws:policy/AmazonEKSClusterPolicy",
            "role": "john20201002040628653300000001"
          },
          "private": "bnVsbA==",
          "dependencies": [
            "module.eks.aws_iam_role.cluster",
            "module.eks.data.aws_iam_policy_document.cluster_assume_role_policy",
            "module.eks.data.aws_partition.current"
          ],
          "create_before_destroy": true
        }
      ]
    },
    {
      "module": "module.eks",
      "mode": "managed",
      "type": "aws_iam_role_policy_attachment",
      "name": "cluster_AmazonEKSServicePolicy",
      "provider": "provider[\"registry.terraform.io/hashicorp/aws\"]",
      "instances": [
        {
          "index_key": 0,
          "schema_version": 0,
          "attributes": {
            "id": "john20201002040628653300000001-20201002040642781300000003",
            "policy_arn": "arn:aws:iam::aws:policy/AmazonEKSServicePolicy",
            "role": "john20201002040628653300000001"
          },
          "private": "bnVsbA==",
          "dependencies": [
            "module.eks.aws_iam_role.cluster",
            "module.eks.data.aws_iam_policy_document.cluster_assume_role_policy",
            "module.eks.data.aws_partition.current"
          ],
          "create_before_destroy": true
        }
      ]
    },
    {
      "module": "module.eks",
      "mode": "managed",
      "type": "aws_iam_role_policy_attachment",
      "name": "workers_AmazonEC2ContainerRegistryReadOnly",
      "provider": "provider[\"registry.terraform.io/hashicorp/aws\"]",
      "instances": [
        {
          "index_key": 0,
          "schema_version": 0,
          "attributes": {
            "id": "john20201002042133318400000007-2020100204213722440000000c",
            "policy_arn": "arn:aws:iam::aws:policy/AmazonEC2ContainerRegistryReadOnly",
            "role": "john20201002042133318400000007"
          },
          "private": "bnVsbA==",
          "dependencies": [
            "aws_subnet.eks_internal_subnets",
            "aws_vpc.main",
            "data.aws_availability_zones.avz",
            "module.eks.aws_cloudwatch_log_group.this",
            "module.eks.aws_eks_cluster.this",
            "module.eks.aws_iam_role.cluster",
            "module.eks.aws_iam_role.workers",
            "module.eks.aws_iam_role_policy_attachment.cluster_AmazonEKSClusterPolicy",
            "module.eks.aws_iam_role_policy_attachment.cluster_AmazonEKSServicePolicy",
            "module.eks.aws_security_group.cluster",
            "module.eks.aws_security_group.workers",
            "module.eks.aws_security_group_rule.cluster_egress_internet",
            "module.eks.aws_security_group_rule.cluster_https_worker_ingress",
            "module.eks.data.aws_iam_policy_document.cluster_assume_role_policy",
            "module.eks.data.aws_iam_policy_document.workers_assume_role_policy",
            "module.eks.data.aws_iam_role.custom_cluster_iam_role",
            "module.eks.data.aws_partition.current"
          ],
          "create_before_destroy": true
        }
      ]
    },
    {
      "module": "module.eks",
      "mode": "managed",
      "type": "aws_iam_role_policy_attachment",
      "name": "workers_AmazonEKSWorkerNodePolicy",
      "provider": "provider[\"registry.terraform.io/hashicorp/aws\"]",
      "instances": [
        {
          "index_key": 0,
          "schema_version": 0,
          "attributes": {
            "id": "john20201002042133318400000007-2020100204213722120000000a",
            "policy_arn": "arn:aws:iam::aws:policy/AmazonEKSWorkerNodePolicy",
            "role": "john20201002042133318400000007"
          },
          "private": "bnVsbA==",
          "dependencies": [
            "aws_subnet.eks_internal_subnets",
            "aws_vpc.main",
            "data.aws_availability_zones.avz",
            "module.eks.aws_cloudwatch_log_group.this",
            "module.eks.aws_eks_cluster.this",
            "module.eks.aws_iam_role.cluster",
            "module.eks.aws_iam_role.workers",
            "module.eks.aws_iam_role_policy_attachment.cluster_AmazonEKSClusterPolicy",
            "module.eks.aws_iam_role_policy_attachment.cluster_AmazonEKSServicePolicy",
            "module.eks.aws_security_group.cluster",
            "module.eks.aws_security_group.workers",
            "module.eks.aws_security_group_rule.cluster_egress_internet",
            "module.eks.aws_security_group_rule.cluster_https_worker_ingress",
            "module.eks.data.aws_iam_policy_document.cluster_assume_role_policy",
            "module.eks.data.aws_iam_policy_document.workers_assume_role_policy",
            "module.eks.data.aws_iam_role.custom_cluster_iam_role",
            "module.eks.data.aws_partition.current"
          ],
          "create_before_destroy": true
        }
      ]
    },
    {
      "module": "module.eks",
      "mode": "managed",
      "type": "aws_iam_role_policy_attachment",
      "name": "workers_AmazonEKS_CNI_Policy",
      "provider": "provider[\"registry.terraform.io/hashicorp/aws\"]",
      "instances": [
        {
          "index_key": 0,
          "schema_version": 0,
          "attributes": {
            "id": "john20201002042133318400000007-2020100204213722120000000b",
            "policy_arn": "arn:aws:iam::aws:policy/AmazonEKS_CNI_Policy",
            "role": "john20201002042133318400000007"
          },
          "private": "bnVsbA==",
          "dependencies": [
            "aws_subnet.eks_internal_subnets",
            "aws_vpc.main",
            "data.aws_availability_zones.avz",
            "module.eks.aws_cloudwatch_log_group.this",
            "module.eks.aws_eks_cluster.this",
            "module.eks.aws_iam_role.cluster",
            "module.eks.aws_iam_role.workers",
            "module.eks.aws_iam_role_policy_attachment.cluster_AmazonEKSClusterPolicy",
            "module.eks.aws_iam_role_policy_attachment.cluster_AmazonEKSServicePolicy",
            "module.eks.aws_security_group.cluster",
            "module.eks.aws_security_group.workers",
            "module.eks.aws_security_group_rule.cluster_egress_internet",
            "module.eks.aws_security_group_rule.cluster_https_worker_ingress",
            "module.eks.data.aws_iam_policy_document.cluster_assume_role_policy",
            "module.eks.data.aws_iam_policy_document.workers_assume_role_policy",
            "module.eks.data.aws_iam_role.custom_cluster_iam_role",
            "module.eks.data.aws_partition.current"
          ],
          "create_before_destroy": true
        }
      ]
    },
    {
      "module": "module.eks",
      "mode": "managed",
      "type": "aws_launch_template",
      "name": "workers_launch_template",
      "provider": "provider[\"registry.terraform.io/hashicorp/aws\"]",
      "instances": [
        {
          "index_key": 0,
          "schema_version": 0,
          "attributes": {
            "arn": "arn:aws:ec2:us-east-1:535518648590:launch-template/lt-09af7573de920eb13",
            "block_device_mappings": [
              {
                "device_name": "/dev/xvda",
                "ebs": [
                  {
                    "delete_on_termination": "true",
                    "encrypted": "false",
                    "iops": 0,
                    "kms_key_id": "",
                    "snapshot_id": "",
                    "volume_size": 100,
                    "volume_type": "gp2"
                  }
                ],
                "no_device": "",
                "virtual_name": ""
              }
            ],
            "capacity_reservation_specification": [],
            "cpu_options": [],
            "credit_specification": [
              {
                "cpu_credits": "standard"
              }
            ],
            "default_version": 1,
            "description": "",
            "disable_api_termination": false,
            "ebs_optimized": "false",
            "elastic_gpu_specifications": [],
            "elastic_inference_accelerator": [],
            "hibernation_options": [],
            "iam_instance_profile": [
              {
                "arn": "",
                "name": "john20201002042135861800000009"
              }
            ],
            "id": "lt-09af7573de920eb13",
            "image_id": "ami-05b727b7fa7577e40",
            "instance_initiated_shutdown_behavior": "",
            "instance_market_options": [],
            "instance_type": "",
            "kernel_id": "",
            "key_name": "dev_eks_keys",
            "latest_version": 1,
            "license_specification": [],
            "metadata_options": [
              {
                "http_endpoint": "enabled",
                "http_put_response_hop_limit": 0,
                "http_tokens": "optional"
              }
            ],
            "monitoring": [
              {
                "enabled": true
              }
            ],
            "name": "john-initial2020100204214878350000000e",
            "name_prefix": "john-initial",
            "network_interfaces": [
              {
                "associate_public_ip_address": "false",
                "delete_on_termination": "true",
                "description": "",
                "device_index": 0,
                "ipv4_address_count": 0,
                "ipv4_addresses": null,
                "ipv6_address_count": 0,
                "ipv6_addresses": null,
                "network_interface_id": "",
                "private_ip_address": "",
                "security_groups": [
                  "sg-0febec9ff54da1093"
                ],
                "subnet_id": ""
              }
            ],
            "placement": [],
            "ram_disk_id": "",
            "security_group_names": null,
            "tag_specifications": [
              {
                "resource_type": "volume",
                "tags": {
                  "Name": "john-initial-eks_asg"
                }
              },
              {
                "resource_type": "instance",
                "tags": {
                  "Name": "john-initial-eks_asg"
                }
              }
            ],
            "tags": null,
            "update_default_version": null,
            "user_data": "IyEvYmluL2Jhc2ggLXhlCgojIEFsbG93IHVzZXIgc3VwcGxpZWQgcHJlIHVzZXJkYXRhIGNvZGUKCgojIEJvb3RzdHJhcCBhbmQgam9pbiB0aGUgY2x1c3RlcgovZXRjL2Vrcy9ib290c3RyYXAuc2ggLS1iNjQtY2x1c3Rlci1jYSAnTFMwdExTMUNSVWRKVGlCRFJWSlVTVVpKUTBGVVJTMHRMUzB0Q2sxSlNVTjVSRU5EUVdKRFowRjNTVUpCWjBsQ1FVUkJUa0puYTNGb2EybEhPWGN3UWtGUmMwWkJSRUZXVFZKTmQwVlJXVVJXVVZGRVJYZHdjbVJYU213S1kyMDFiR1JIVm5wTlFqUllSRlJKZDAxVVFYZE5ha0V3VFZSWmVFMVdiMWhFVkUxM1RVUnJlazFFUVRCTlZGbDRUVlp2ZDBaVVJWUk5Ra1ZIUVRGVlJRcEJlRTFMWVROV2FWcFlTblZhV0ZKc1kzcERRMEZUU1hkRVVWbEtTMjlhU1doMlkwNUJVVVZDUWxGQlJHZG5SVkJCUkVORFFWRnZRMmRuUlVKQlRESnlDbU15U3psS2FIY3hUa2hXVEhoQ1dWVnRZbG8xYldReVpHMU5kbmhMUjJkR1VVcEdhM05SZUd0cFQwMWxlVXhHU214UmFEbFphbmgxU0dsUWVXOWpUbE1LUWpkVGRHUlFaV3hoTmxodmQwWkxRbWRMZFVSelowdDZVRmh0WW5ocFR6RktjemRRZGpWclNEUTNkMjlMWW5SdWFsaFBWRlZVU2xkQ2JsSnZaRU4wTlFwaWFuaDFkMDFIUVc1WGJqTnBOSFI1VWtGT2EySjJRM1UxU0dWaE1VOUhTQ3QzUzJKbVUyMUhiWEJ4TDFJMlVIQlRVM0JEVkRZMmNqTm1NRGRISzJ4Q0NqaGlLMWxpTVcwM1YzUTNTMFZWUTJ4UllWUjJOVU5SYTBNclZFazBWR2hCWWpac1lWY3hhRkowTlRZMFVXbFBORk5ETm1keFZuSk1NRGR0WldOb1RWTUtOelJ6ZHpkSlowaE1kbkE0TXpSQlRXTkxWa0V2VUhsaVdGcEZjMkZYUTFsVVRDOXBSVVl3ZWtOb1dUWTVUM1Z5TVN0RE9FWXhRU3N3SzNFclowRlZOUXBuYVhOTFZrWlVRaXN2WWswMVoxWjZhbk5OUTBGM1JVRkJZVTFxVFVORmQwUm5XVVJXVWpCUVFWRklMMEpCVVVSQlowdHJUVUU0UjBFeFZXUkZkMFZDQ2k5M1VVWk5RVTFDUVdZNGQwUlJXVXBMYjFwSmFIWmpUa0ZSUlV4Q1VVRkVaMmRGUWtGTFZHdFBSbWRpZDA1NWFrWnVjRU54YzJoQ2RrOTNVR3BOTjJ3S2FsbGFlako2THpOdFpYUXZZekZtV0dVNWNqTnNUMWR4TW5sSGFYVnVXRUpMU1VJeFUwOURlamd4V25JMGRuZzNPRGxoYjFWSVdHazFaV1UyWTB4M1RRcDJZa00xWlVkd01HOUZZbW9yZUN0bFJYVTVTR04xY0dkSlFqWTVaWE5pZVhBeVVuUkNUMHBpTkZGa2RtczFWRGxTTmt0NU1IVkpSbTR2WkVWVU1UazBDa0l2UWxoUmRGUlFTWE5zWXpad1IwOUJURlpUTUc1QlFsQXJSbVJrTkVoWGRtZGFLeTlQYTI1TFJ6RTJRa1pYWm5GRmVHcG1OWFkxWlVkdWFtUkdVbklLUmpsNk9GUmhSRnBpTW5BclIwZHBWMnhNWVhaNUwwYzVNWGxQTUU5Tk5XWjFVRUpHVjBsa0sycFNWRFF2V0U1NVUyaENWbWt2Y21ob1YyNWlLMVJvYUFwd2REZDJiVnBMVEZCelFuQlJXU3M0U1dWeGMySllXVXhEZW05S1N6RTRaVnA0Y0RaUWVtOTFSRFIwVmpadU1VRkZaVVpYVUZwUloyNVlkejBLTFMwdExTMUZUa1FnUTBWU1ZFbEdTVU5CVkVVdExTMHRMUW89JyAtLWFwaXNlcnZlci1lbmRwb2ludCAnaHR0cHM6Ly84RTE3NThBQ0JDODU2NjU2NjREMERBRjMxNDlBQ0U1OC5zazEudXMtZWFzdC0xLmVrcy5hbWF6b25hd3MuY29tJyAgLS1rdWJlbGV0LWV4dHJhLWFyZ3MgIi0tbm9kZS1sYWJlbHM9dHlwZT1jbHVzdGVyLXN5c3RlbSxub2RlX3JvbGU9bWFpbiIgJ2pvaG4nCgojIEFsbG93IHVzZXIgc3VwcGxpZWQgdXNlcmRhdGEgY29kZQoK",
            "vpc_security_group_ids": null
          },
          "private": "bnVsbA==",
          "dependencies": [
            "aws_subnet.eks_internal_subnets",
            "aws_vpc.main",
            "data.aws_availability_zones.avz",
            "module.eks.aws_cloudwatch_log_group.this",
            "module.eks.aws_eks_cluster.this",
            "module.eks.aws_iam_instance_profile.workers_launch_template",
            "module.eks.aws_iam_role.cluster",
            "module.eks.aws_iam_role.workers",
            "module.eks.aws_iam_role_policy_attachment.cluster_AmazonEKSClusterPolicy",
            "module.eks.aws_iam_role_policy_attachment.cluster_AmazonEKSServicePolicy",
            "module.eks.aws_iam_role_policy_attachment.workers_AmazonEC2ContainerRegistryReadOnly",
            "module.eks.aws_iam_role_policy_attachment.workers_AmazonEKSWorkerNodePolicy",
            "module.eks.aws_iam_role_policy_attachment.workers_AmazonEKS_CNI_Policy",
            "module.eks.aws_iam_role_policy_attachment.workers_additional_policies",
            "module.eks.aws_security_group.cluster",
            "module.eks.aws_security_group.workers",
            "module.eks.aws_security_group_rule.cluster_egress_internet",
            "module.eks.aws_security_group_rule.cluster_https_worker_ingress",
            "module.eks.aws_security_group_rule.cluster_primary_ingress_workers",
            "module.eks.aws_security_group_rule.workers_egress_internet",
            "module.eks.aws_security_group_rule.workers_ingress_cluster",
            "module.eks.aws_security_group_rule.workers_ingress_cluster_https",
            "module.eks.aws_security_group_rule.workers_ingress_cluster_kubelet",
            "module.eks.aws_security_group_rule.workers_ingress_cluster_primary",
            "module.eks.aws_security_group_rule.workers_ingress_self",
            "module.eks.data.aws_ami.eks_worker",
            "module.eks.data.aws_ami.eks_worker_windows",
            "module.eks.data.aws_iam_instance_profile.custom_worker_group_launch_template_iam_instance_profile",
            "module.eks.data.aws_iam_policy_document.cluster_assume_role_policy",
            "module.eks.data.aws_iam_policy_document.workers_assume_role_policy",
            "module.eks.data.aws_iam_role.custom_cluster_iam_role",
            "module.eks.data.aws_partition.current",
            "module.eks.data.template_file.launch_template_userdata"
          ],
          "create_before_destroy": true
        },
        {
          "index_key": 1,
          "schema_version": 0,
          "attributes": {
            "arn": "arn:aws:ec2:us-east-1:535518648590:launch-template/lt-0dcac376188c813f0",
            "block_device_mappings": [
              {
                "device_name": "/dev/xvda",
                "ebs": [
                  {
                    "delete_on_termination": "true",
                    "encrypted": "false",
                    "iops": 0,
                    "kms_key_id": "",
                    "snapshot_id": "",
                    "volume_size": 100,
                    "volume_type": "gp2"
                  }
                ],
                "no_device": "",
                "virtual_name": ""
              }
            ],
            "capacity_reservation_specification": [],
            "cpu_options": [],
            "credit_specification": [
              {
                "cpu_credits": "standard"
              }
            ],
            "default_version": 1,
            "description": "",
            "disable_api_termination": false,
            "ebs_optimized": "false",
            "elastic_gpu_specifications": [],
            "elastic_inference_accelerator": [],
            "hibernation_options": [],
            "iam_instance_profile": [
              {
                "arn": "",
                "name": "john20201002042135861700000008"
              }
            ],
            "id": "lt-0dcac376188c813f0",
            "image_id": "ami-05b727b7fa7577e40",
            "instance_initiated_shutdown_behavior": "",
            "instance_market_options": [],
            "instance_type": "",
            "kernel_id": "",
            "key_name": "dev_eks_keys",
            "latest_version": 1,
            "license_specification": [],
            "metadata_options": [
              {
                "http_endpoint": "enabled",
                "http_put_response_hop_limit": 0,
                "http_tokens": "optional"
              }
            ],
            "monitoring": [
              {
                "enabled": true
              }
            ],
            "name": "john-secondery2020100204214878330000000d",
            "name_prefix": "john-secondery",
            "network_interfaces": [
              {
                "associate_public_ip_address": "false",
                "delete_on_termination": "true",
                "description": "",
                "device_index": 0,
                "ipv4_address_count": 0,
                "ipv4_addresses": null,
                "ipv6_address_count": 0,
                "ipv6_addresses": null,
                "network_interface_id": "",
                "private_ip_address": "",
                "security_groups": [
                  "sg-0febec9ff54da1093"
                ],
                "subnet_id": ""
              }
            ],
            "placement": [],
            "ram_disk_id": "",
            "security_group_names": null,
            "tag_specifications": [
              {
                "resource_type": "volume",
                "tags": {
                  "Name": "john-secondery-eks_asg"
                }
              },
              {
                "resource_type": "instance",
                "tags": {
                  "Name": "john-secondery-eks_asg"
                }
              }
            ],
            "tags": null,
            "update_default_version": null,
            "user_data": "IyEvYmluL2Jhc2ggLXhlCgojIEFsbG93IHVzZXIgc3VwcGxpZWQgcHJlIHVzZXJkYXRhIGNvZGUKCgojIEJvb3RzdHJhcCBhbmQgam9pbiB0aGUgY2x1c3RlcgovZXRjL2Vrcy9ib290c3RyYXAuc2ggLS1iNjQtY2x1c3Rlci1jYSAnTFMwdExTMUNSVWRKVGlCRFJWSlVTVVpKUTBGVVJTMHRMUzB0Q2sxSlNVTjVSRU5EUVdKRFowRjNTVUpCWjBsQ1FVUkJUa0puYTNGb2EybEhPWGN3UWtGUmMwWkJSRUZXVFZKTmQwVlJXVVJXVVZGRVJYZHdjbVJYU213S1kyMDFiR1JIVm5wTlFqUllSRlJKZDAxVVFYZE5ha0V3VFZSWmVFMVdiMWhFVkUxM1RVUnJlazFFUVRCTlZGbDRUVlp2ZDBaVVJWUk5Ra1ZIUVRGVlJRcEJlRTFMWVROV2FWcFlTblZhV0ZKc1kzcERRMEZUU1hkRVVWbEtTMjlhU1doMlkwNUJVVVZDUWxGQlJHZG5SVkJCUkVORFFWRnZRMmRuUlVKQlRESnlDbU15U3psS2FIY3hUa2hXVEhoQ1dWVnRZbG8xYldReVpHMU5kbmhMUjJkR1VVcEdhM05SZUd0cFQwMWxlVXhHU214UmFEbFphbmgxU0dsUWVXOWpUbE1LUWpkVGRHUlFaV3hoTmxodmQwWkxRbWRMZFVSelowdDZVRmh0WW5ocFR6RktjemRRZGpWclNEUTNkMjlMWW5SdWFsaFBWRlZVU2xkQ2JsSnZaRU4wTlFwaWFuaDFkMDFIUVc1WGJqTnBOSFI1VWtGT2EySjJRM1UxU0dWaE1VOUhTQ3QzUzJKbVUyMUhiWEJ4TDFJMlVIQlRVM0JEVkRZMmNqTm1NRGRISzJ4Q0NqaGlLMWxpTVcwM1YzUTNTMFZWUTJ4UllWUjJOVU5SYTBNclZFazBWR2hCWWpac1lWY3hhRkowTlRZMFVXbFBORk5ETm1keFZuSk1NRGR0WldOb1RWTUtOelJ6ZHpkSlowaE1kbkE0TXpSQlRXTkxWa0V2VUhsaVdGcEZjMkZYUTFsVVRDOXBSVVl3ZWtOb1dUWTVUM1Z5TVN0RE9FWXhRU3N3SzNFclowRlZOUXBuYVhOTFZrWlVRaXN2WWswMVoxWjZhbk5OUTBGM1JVRkJZVTFxVFVORmQwUm5XVVJXVWpCUVFWRklMMEpCVVVSQlowdHJUVUU0UjBFeFZXUkZkMFZDQ2k5M1VVWk5RVTFDUVdZNGQwUlJXVXBMYjFwSmFIWmpUa0ZSUlV4Q1VVRkVaMmRGUWtGTFZHdFBSbWRpZDA1NWFrWnVjRU54YzJoQ2RrOTNVR3BOTjJ3S2FsbGFlako2THpOdFpYUXZZekZtV0dVNWNqTnNUMWR4TW5sSGFYVnVXRUpMU1VJeFUwOURlamd4V25JMGRuZzNPRGxoYjFWSVdHazFaV1UyWTB4M1RRcDJZa00xWlVkd01HOUZZbW9yZUN0bFJYVTVTR04xY0dkSlFqWTVaWE5pZVhBeVVuUkNUMHBpTkZGa2RtczFWRGxTTmt0NU1IVkpSbTR2WkVWVU1UazBDa0l2UWxoUmRGUlFTWE5zWXpad1IwOUJURlpUTUc1QlFsQXJSbVJrTkVoWGRtZGFLeTlQYTI1TFJ6RTJRa1pYWm5GRmVHcG1OWFkxWlVkdWFtUkdVbklLUmpsNk9GUmhSRnBpTW5BclIwZHBWMnhNWVhaNUwwYzVNWGxQTUU5Tk5XWjFVRUpHVjBsa0sycFNWRFF2V0U1NVUyaENWbWt2Y21ob1YyNWlLMVJvYUFwd2REZDJiVnBMVEZCelFuQlJXU3M0U1dWeGMySllXVXhEZW05S1N6RTRaVnA0Y0RaUWVtOTFSRFIwVmpadU1VRkZaVVpYVUZwUloyNVlkejBLTFMwdExTMUZUa1FnUTBWU1ZFbEdTVU5CVkVVdExTMHRMUW89JyAtLWFwaXNlcnZlci1lbmRwb2ludCAnaHR0cHM6Ly84RTE3NThBQ0JDODU2NjU2NjREMERBRjMxNDlBQ0U1OC5zazEudXMtZWFzdC0xLmVrcy5hbWF6b25hd3MuY29tJyAgLS1rdWJlbGV0LWV4dHJhLWFyZ3MgIi0tbm9kZS1sYWJlbHM9dHlwZT1jbHVzdGVyLXN5c3RlbSxub2RlX3JvbGU9bWFpbiIgJ2pvaG4nCgojIEFsbG93IHVzZXIgc3VwcGxpZWQgdXNlcmRhdGEgY29kZQoK",
            "vpc_security_group_ids": null
          },
          "private": "bnVsbA==",
          "dependencies": [
            "aws_subnet.eks_internal_subnets",
            "aws_vpc.main",
            "data.aws_availability_zones.avz",
            "module.eks.aws_cloudwatch_log_group.this",
            "module.eks.aws_eks_cluster.this",
            "module.eks.aws_iam_instance_profile.workers_launch_template",
            "module.eks.aws_iam_role.cluster",
            "module.eks.aws_iam_role.workers",
            "module.eks.aws_iam_role_policy_attachment.cluster_AmazonEKSClusterPolicy",
            "module.eks.aws_iam_role_policy_attachment.cluster_AmazonEKSServicePolicy",
            "module.eks.aws_iam_role_policy_attachment.workers_AmazonEC2ContainerRegistryReadOnly",
            "module.eks.aws_iam_role_policy_attachment.workers_AmazonEKSWorkerNodePolicy",
            "module.eks.aws_iam_role_policy_attachment.workers_AmazonEKS_CNI_Policy",
            "module.eks.aws_iam_role_policy_attachment.workers_additional_policies",
            "module.eks.aws_security_group.cluster",
            "module.eks.aws_security_group.workers",
            "module.eks.aws_security_group_rule.cluster_egress_internet",
            "module.eks.aws_security_group_rule.cluster_https_worker_ingress",
            "module.eks.aws_security_group_rule.cluster_primary_ingress_workers",
            "module.eks.aws_security_group_rule.workers_egress_internet",
            "module.eks.aws_security_group_rule.workers_ingress_cluster",
            "module.eks.aws_security_group_rule.workers_ingress_cluster_https",
            "module.eks.aws_security_group_rule.workers_ingress_cluster_kubelet",
            "module.eks.aws_security_group_rule.workers_ingress_cluster_primary",
            "module.eks.aws_security_group_rule.workers_ingress_self",
            "module.eks.data.aws_ami.eks_worker",
            "module.eks.data.aws_ami.eks_worker_windows",
            "module.eks.data.aws_iam_instance_profile.custom_worker_group_launch_template_iam_instance_profile",
            "module.eks.data.aws_iam_policy_document.cluster_assume_role_policy",
            "module.eks.data.aws_iam_policy_document.workers_assume_role_policy",
            "module.eks.data.aws_iam_role.custom_cluster_iam_role",
            "module.eks.data.aws_partition.current",
            "module.eks.data.template_file.launch_template_userdata"
          ],
          "create_before_destroy": true
        }
      ]
    },
    {
      "module": "module.eks",
      "mode": "managed",
      "type": "aws_security_group",
      "name": "cluster",
      "provider": "provider[\"registry.terraform.io/hashicorp/aws\"]",
      "instances": [
        {
          "index_key": 0,
          "schema_version": 1,
          "attributes": {
            "arn": "arn:aws:ec2:us-east-1:535518648590:security-group/sg-0ba6669926da3217b",
            "description": "EKS cluster security group.",
            "egress": [],
            "id": "sg-0ba6669926da3217b",
            "ingress": [],
            "name": "john20201002040645699000000004",
            "name_prefix": "john",
            "owner_id": "535518648590",
            "revoke_rules_on_delete": false,
            "tags": {
              "Name": "john-eks_cluster_sg"
            },
            "timeouts": null,
            "vpc_id": "vpc-0db237ec574ea3562"
          },
          "private": "eyJlMmJmYjczMC1lY2FhLTExZTYtOGY4OC0zNDM2M2JjN2M0YzAiOnsiY3JlYXRlIjo2MDAwMDAwMDAwMDAsImRlbGV0ZSI6NjAwMDAwMDAwMDAwfSwic2NoZW1hX3ZlcnNpb24iOiIxIn0=",
          "dependencies": [
            "aws_vpc.main"
          ],
          "create_before_destroy": true
        }
      ]
    },
    {
      "module": "module.eks",
      "mode": "managed",
      "type": "aws_security_group",
      "name": "workers",
      "provider": "provider[\"registry.terraform.io/hashicorp/aws\"]",
      "instances": [
        {
          "index_key": 0,
          "schema_version": 1,
          "attributes": {
            "arn": "arn:aws:ec2:us-east-1:535518648590:security-group/sg-0febec9ff54da1093",
            "description": "Security group for all nodes in the cluster.",
            "egress": [],
            "id": "sg-0febec9ff54da1093",
            "ingress": [],
            "name": "john20201002040645950300000005",
            "name_prefix": "john",
            "owner_id": "535518648590",
            "revoke_rules_on_delete": false,
            "tags": {
              "Name": "john-eks_worker_sg",
              "kubernetes.io/cluster/john": "owned"
            },
            "timeouts": null,
            "vpc_id": "vpc-0db237ec574ea3562"
          },
          "private": "eyJlMmJmYjczMC1lY2FhLTExZTYtOGY4OC0zNDM2M2JjN2M0YzAiOnsiY3JlYXRlIjo2MDAwMDAwMDAwMDAsImRlbGV0ZSI6NjAwMDAwMDAwMDAwfSwic2NoZW1hX3ZlcnNpb24iOiIxIn0=",
          "dependencies": [
            "aws_vpc.main"
          ],
          "create_before_destroy": true
        }
      ]
    },
    {
      "module": "module.eks",
      "mode": "managed",
      "type": "aws_security_group_rule",
      "name": "cluster_egress_internet",
      "provider": "provider[\"registry.terraform.io/hashicorp/aws\"]",
      "instances": [
        {
          "index_key": 0,
          "schema_version": 2,
          "attributes": {
            "cidr_blocks": [
              "0.0.0.0/0"
            ],
            "description": "Allow cluster egress access to the Internet.",
            "from_port": 0,
            "id": "sgrule-3655810886",
            "ipv6_cidr_blocks": null,
            "prefix_list_ids": null,
            "protocol": "-1",
            "security_group_id": "sg-0ba6669926da3217b",
            "self": false,
            "source_security_group_id": null,
            "to_port": 0,
            "type": "egress"
          },
          "private": "eyJzY2hlbWFfdmVyc2lvbiI6IjIifQ==",
          "dependencies": [
            "aws_vpc.main",
            "module.eks.aws_security_group.cluster"
          ],
          "create_before_destroy": true
        }
      ]
    },
    {
      "module": "module.eks",
      "mode": "managed",
      "type": "aws_security_group_rule",
      "name": "cluster_https_worker_ingress",
      "provider": "provider[\"registry.terraform.io/hashicorp/aws\"]",
      "instances": [
        {
          "index_key": 0,
          "schema_version": 2,
          "attributes": {
            "cidr_blocks": null,
            "description": "Allow pods to communicate with the EKS cluster API.",
            "from_port": 443,
            "id": "sgrule-3819385468",
            "ipv6_cidr_blocks": null,
            "prefix_list_ids": null,
            "protocol": "tcp",
            "security_group_id": "sg-0ba6669926da3217b",
            "self": false,
            "source_security_group_id": "sg-0febec9ff54da1093",
            "to_port": 443,
            "type": "ingress"
          },
          "private": "eyJzY2hlbWFfdmVyc2lvbiI6IjIifQ==",
          "dependencies": [
            "aws_vpc.main",
            "module.eks.aws_security_group.cluster",
            "module.eks.aws_security_group.workers"
          ],
          "create_before_destroy": true
        }
      ]
    },
    {
      "module": "module.eks",
      "mode": "managed",
      "type": "aws_security_group_rule",
      "name": "workers_egress_internet",
      "provider": "provider[\"registry.terraform.io/hashicorp/aws\"]",
      "instances": [
        {
          "index_key": 0,
          "schema_version": 2,
          "attributes": {
            "cidr_blocks": [
              "0.0.0.0/0"
            ],
            "description": "Allow nodes all egress to the Internet.",
            "from_port": 0,
            "id": "sgrule-981751292",
            "ipv6_cidr_blocks": null,
            "prefix_list_ids": null,
            "protocol": "-1",
            "security_group_id": "sg-0febec9ff54da1093",
            "self": false,
            "source_security_group_id": null,
            "to_port": 0,
            "type": "egress"
          },
          "private": "eyJzY2hlbWFfdmVyc2lvbiI6IjIifQ==",
          "dependencies": [
            "aws_vpc.main",
            "module.eks.aws_security_group.workers"
          ],
          "create_before_destroy": true
        }
      ]
    },
    {
      "module": "module.eks",
      "mode": "managed",
      "type": "aws_security_group_rule",
      "name": "workers_ingress_cluster",
      "provider": "provider[\"registry.terraform.io/hashicorp/aws\"]",
      "instances": [
        {
          "index_key": 0,
          "schema_version": 2,
          "attributes": {
            "cidr_blocks": null,
            "description": "Allow workers pods to receive communication from the cluster control plane.",
            "from_port": 1025,
            "id": "sgrule-3792185963",
            "ipv6_cidr_blocks": null,
            "prefix_list_ids": null,
            "protocol": "tcp",
            "security_group_id": "sg-0febec9ff54da1093",
            "self": false,
            "source_security_group_id": "sg-0ba6669926da3217b",
            "to_port": 65535,
            "type": "ingress"
          },
          "private": "eyJzY2hlbWFfdmVyc2lvbiI6IjIifQ==",
          "dependencies": [
            "aws_vpc.main",
            "module.eks.aws_security_group.cluster",
            "module.eks.aws_security_group.workers"
          ],
          "create_before_destroy": true
        }
      ]
    },
    {
      "module": "module.eks",
      "mode": "managed",
      "type": "aws_security_group_rule",
      "name": "workers_ingress_cluster_https",
      "provider": "provider[\"registry.terraform.io/hashicorp/aws\"]",
      "instances": [
        {
          "index_key": 0,
          "schema_version": 2,
          "attributes": {
            "cidr_blocks": null,
            "description": "Allow pods running extension API servers on port 443 to receive communication from cluster control plane.",
            "from_port": 443,
            "id": "sgrule-3890089454",
            "ipv6_cidr_blocks": null,
            "prefix_list_ids": null,
            "protocol": "tcp",
            "security_group_id": "sg-0febec9ff54da1093",
            "self": false,
            "source_security_group_id": "sg-0ba6669926da3217b",
            "to_port": 443,
            "type": "ingress"
          },
          "private": "eyJzY2hlbWFfdmVyc2lvbiI6IjIifQ==",
          "dependencies": [
            "aws_vpc.main",
            "module.eks.aws_security_group.cluster",
            "module.eks.aws_security_group.workers"
          ],
          "create_before_destroy": true
        }
      ]
    },
    {
      "module": "module.eks",
      "mode": "managed",
      "type": "aws_security_group_rule",
      "name": "workers_ingress_self",
      "provider": "provider[\"registry.terraform.io/hashicorp/aws\"]",
      "instances": [
        {
          "index_key": 0,
          "schema_version": 2,
          "attributes": {
            "cidr_blocks": null,
            "description": "Allow node to communicate with each other.",
            "from_port": 0,
            "id": "sgrule-51440782",
            "ipv6_cidr_blocks": null,
            "prefix_list_ids": null,
            "protocol": "-1",
            "security_group_id": "sg-0febec9ff54da1093",
            "self": false,
            "source_security_group_id": "sg-0febec9ff54da1093",
            "to_port": 65535,
            "type": "ingress"
          },
          "private": "eyJzY2hlbWFfdmVyc2lvbiI6IjIifQ==",
          "dependencies": [
            "aws_vpc.main",
            "module.eks.aws_security_group.workers"
          ],
          "create_before_destroy": true
        }
      ]
    },
    {
      "module": "module.eks",
      "mode": "managed",
      "type": "kubernetes_config_map",
      "name": "aws_auth",
      "provider": "provider[\"registry.terraform.io/hashicorp/kubernetes\"]",
      "instances": [
        {
          "index_key": 0,
          "schema_version": 0,
          "attributes": {
            "binary_data": null,
            "data": {
              "mapAccounts": "[]\n",
              "mapRoles": "- \"groups\":\n  - \"system:bootstrappers\"\n  - \"system:nodes\"\n  \"rolearn\": \"arn:aws:iam::535518648590:role/john20201002042133318400000007\"\n  \"username\": \"system:node:{{EC2PrivateDNSName}}\"\n",
              "mapUsers": "- \"groups\":\n  - \"system:masters\"\n  \"userarn\": \"arn:aws:iam::535518648590:user/evgenibi\"\n  \"username\": \"john\"\n"
            },
            "id": "kube-system/aws-auth",
            "metadata": [
              {
                "annotations": null,
                "generate_name": "",
                "generation": 0,
                "labels": null,
                "name": "aws-auth",
                "namespace": "kube-system",
                "resource_version": "641",
                "self_link": "/api/v1/namespaces/kube-system/configmaps/aws-auth",
                "uid": "cc650184-a8b3-4b05-a75f-16e9cbdd7006"
              }
            ]
          },
          "private": "bnVsbA==",
          "dependencies": [
            "aws_subnet.eks_internal_subnets",
            "aws_vpc.main",
            "data.aws_availability_zones.avz",
            "data.aws_eks_cluster.cluster",
            "data.aws_eks_cluster_auth.cluster",
            "module.eks.aws_cloudwatch_log_group.this",
            "module.eks.aws_eks_cluster.this",
            "module.eks.aws_iam_instance_profile.workers",
            "module.eks.aws_iam_instance_profile.workers_launch_template",
            "module.eks.aws_iam_role.cluster",
            "module.eks.aws_iam_role.workers",
            "module.eks.aws_iam_role_policy_attachment.cluster_AmazonEKSClusterPolicy",
            "module.eks.aws_iam_role_policy_attachment.cluster_AmazonEKSServicePolicy",
            "module.eks.aws_security_group.cluster",
            "module.eks.aws_security_group.workers",
            "module.eks.aws_security_group_rule.cluster_egress_internet",
            "module.eks.aws_security_group_rule.cluster_https_worker_ingress",
            "module.eks.aws_security_group_rule.cluster_private_access",
            "module.eks.data.aws_ami.eks_worker",
            "module.eks.data.aws_caller_identity.current",
            "module.eks.data.aws_iam_instance_profile.custom_worker_group_iam_instance_profile",
            "module.eks.data.aws_iam_instance_profile.custom_worker_group_launch_template_iam_instance_profile",
            "module.eks.data.aws_iam_policy_document.cluster_assume_role_policy",
            "module.eks.data.aws_iam_policy_document.workers_assume_role_policy",
            "module.eks.data.aws_iam_role.custom_cluster_iam_role",
            "module.eks.data.aws_partition.current",
            "module.eks.null_resource.wait_for_cluster"
          ]
        }
      ]
    },
    {
      "module": "module.eks",
      "mode": "managed",
      "type": "local_file",
      "name": "kubeconfig",
      "provider": "provider[\"registry.terraform.io/hashicorp/local\"]",
      "instances": [
        {
          "index_key": 0,
          "schema_version": 0,
          "attributes": {
            "content": "apiVersion: v1\npreferences: {}\nkind: Config\n\nclusters:\n- cluster:\n    server: https://8E1758ACBC85665664D0DAF3149ACE58.sk1.us-east-1.eks.amazonaws.com\n    certificate-authority-data: LS0tLS1CRUdJTiBDRVJUSUZJQ0FURS0tLS0tCk1JSUN5RENDQWJDZ0F3SUJBZ0lCQURBTkJna3Foa2lHOXcwQkFRc0ZBREFWTVJNd0VRWURWUVFERXdwcmRXSmwKY201bGRHVnpNQjRYRFRJd01UQXdNakEwTVRZeE1Wb1hEVE13TURrek1EQTBNVFl4TVZvd0ZURVRNQkVHQTFVRQpBeE1LYTNWaVpYSnVaWFJsY3pDQ0FTSXdEUVlKS29aSWh2Y05BUUVCQlFBRGdnRVBBRENDQVFvQ2dnRUJBTDJyCmMySzlKaHcxTkhWTHhCWVVtYlo1bWQyZG1NdnhLR2dGUUpGa3NReGtpT01leUxGSmxRaDlZanh1SGlQeW9jTlMKQjdTdGRQZWxhNlhvd0ZLQmdLdURzZ0t6UFhtYnhpTzFKczdQdjVrSDQ3d29LYnRualhPVFVUSldCblJvZEN0NQpianh1d01HQW5XbjNpNHR5UkFOa2J2Q3U1SGVhMU9HSCt3S2JmU21HbXBxL1I2UHBTU3BDVDY2cjNmMDdHK2xCCjhiK1liMW03V3Q3S0VVQ2xRYVR2NUNRa0MrVEk0VGhBYjZsYVcxaFJ0NTY0UWlPNFNDNmdxVnJMMDdtZWNoTVMKNzRzdzdJZ0hMdnA4MzRBTWNLVkEvUHliWFpFc2FXQ1lUTC9pRUYwekNoWTY5T3VyMStDOEYxQSswK3ErZ0FVNQpnaXNLVkZUQisvYk01Z1Z6anNNQ0F3RUFBYU1qTUNFd0RnWURWUjBQQVFIL0JBUURBZ0trTUE4R0ExVWRFd0VCCi93UUZNQU1CQWY4d0RRWUpLb1pJaHZjTkFRRUxCUUFEZ2dFQkFLVGtPRmdid055akZucENxc2hCdk93UGpNN2wKallaejJ6LzNtZXQvYzFmWGU5cjNsT1dxMnlHaXVuWEJLSUIxU09DejgxWnI0dng3ODlhb1VIWGk1ZWU2Y0x3TQp2YkM1ZUdwMG9FYmoreCtlRXU5SGN1cGdJQjY5ZXNieXAyUnRCT0piNFFkdms1VDlSNkt5MHVJRm4vZEVUMTk0CkIvQlhRdFRQSXNsYzZwR09BTFZTMG5BQlArRmRkNEhXdmdaKy9Pa25LRzE2QkZXZnFFeGpmNXY1ZUduamRGUnIKRjl6OFRhRFpiMnArR0dpV2xMYXZ5L0c5MXlPME9NNWZ1UEJGV0lkK2pSVDQvWE55U2hCVmkvcmhoV25iK1RoaApwdDd2bVpLTFBzQnBRWSs4SWVxc2JYWUxDem9KSzE4ZVp4cDZQem91RDR0VjZuMUFFZUZXUFpRZ25Ydz0KLS0tLS1FTkQgQ0VSVElGSUNBVEUtLS0tLQo=\n  name: eks_john\n\ncontexts:\n- context:\n    cluster: eks_john\n    user: eks_john\n  name: eks_john\n\ncurrent-context: eks_john\n\nusers:\n- name: eks_john\n  user:\n    exec:\n      apiVersion: client.authentication.k8s.io/v1alpha1\n      command: aws-iam-authenticator\n      args:\n        - \"token\"\n        - \"-i\"\n        - \"john\"\n",
            "content_base64": null,
            "directory_permission": "0755",
            "file_permission": "0644",
            "filename": "./kubeconfig_john",
            "id": "c21eae1d4ece659f24881d13fd4cf5a3e15b81b0",
            "sensitive_content": null
          },
          "private": "bnVsbA==",
          "dependencies": [
            "aws_subnet.eks_internal_subnets",
            "aws_vpc.main",
            "data.aws_availability_zones.avz",
            "module.eks.aws_cloudwatch_log_group.this",
            "module.eks.aws_eks_cluster.this",
            "module.eks.aws_iam_role.cluster",
            "module.eks.aws_iam_role_policy_attachment.cluster_AmazonEKSClusterPolicy",
            "module.eks.aws_iam_role_policy_attachment.cluster_AmazonEKSServicePolicy",
            "module.eks.aws_security_group.cluster",
            "module.eks.aws_security_group.workers",
            "module.eks.aws_security_group_rule.cluster_egress_internet",
            "module.eks.aws_security_group_rule.cluster_https_worker_ingress",
            "module.eks.data.aws_iam_policy_document.cluster_assume_role_policy",
            "module.eks.data.aws_iam_role.custom_cluster_iam_role",
            "module.eks.data.aws_partition.current"
          ]
        }
      ]
    },
    {
      "module": "module.eks",
      "mode": "managed",
      "type": "null_resource",
      "name": "wait_for_cluster",
      "provider": "provider[\"registry.terraform.io/hashicorp/null\"]",
      "instances": [
        {
          "index_key": 0,
          "schema_version": 0,
          "attributes": {
            "id": "2235198771313110538",
            "triggers": null
          },
          "private": "bnVsbA==",
          "dependencies": [
            "aws_subnet.eks_internal_subnets",
            "aws_vpc.main",
            "data.aws_availability_zones.avz",
            "module.eks.aws_cloudwatch_log_group.this",
            "module.eks.aws_eks_cluster.this",
            "module.eks.aws_iam_role.cluster",
            "module.eks.aws_iam_role_policy_attachment.cluster_AmazonEKSClusterPolicy",
            "module.eks.aws_iam_role_policy_attachment.cluster_AmazonEKSServicePolicy",
            "module.eks.aws_security_group.cluster",
            "module.eks.aws_security_group.workers",
            "module.eks.aws_security_group_rule.cluster_egress_internet",
            "module.eks.aws_security_group_rule.cluster_https_worker_ingress",
            "module.eks.aws_security_group_rule.cluster_private_access",
            "module.eks.data.aws_iam_policy_document.cluster_assume_role_policy",
            "module.eks.data.aws_iam_role.custom_cluster_iam_role",
            "module.eks.data.aws_partition.current"
          ]
        }
      ]
    },
    {
      "module": "module.eks",
      "mode": "managed",
      "type": "random_pet",
      "name": "workers_launch_template",
      "provider": "provider[\"registry.terraform.io/hashicorp/random\"]",
      "instances": [
        {
          "index_key": 0,
          "schema_version": 0,
          "attributes": {
            "id": "emerging-lion",
            "keepers": {
              "lt_name": "john-initial2020100204214878350000000e-1"
            },
            "length": 2,
            "prefix": null,
            "separator": "-"
          },
          "private": "bnVsbA==",
          "dependencies": [
            "aws_subnet.eks_internal_subnets",
            "aws_vpc.main",
            "data.aws_availability_zones.avz",
            "module.eks.aws_cloudwatch_log_group.this",
            "module.eks.aws_eks_cluster.this",
            "module.eks.aws_iam_instance_profile.workers_launch_template",
            "module.eks.aws_iam_role.cluster",
            "module.eks.aws_iam_role.workers",
            "module.eks.aws_iam_role_policy_attachment.cluster_AmazonEKSClusterPolicy",
            "module.eks.aws_iam_role_policy_attachment.cluster_AmazonEKSServicePolicy",
            "module.eks.aws_iam_role_policy_attachment.workers_AmazonEC2ContainerRegistryReadOnly",
            "module.eks.aws_iam_role_policy_attachment.workers_AmazonEKSWorkerNodePolicy",
            "module.eks.aws_iam_role_policy_attachment.workers_AmazonEKS_CNI_Policy",
            "module.eks.aws_iam_role_policy_attachment.workers_additional_policies",
            "module.eks.aws_launch_template.workers_launch_template",
            "module.eks.aws_security_group.cluster",
            "module.eks.aws_security_group.workers",
            "module.eks.aws_security_group_rule.cluster_egress_internet",
            "module.eks.aws_security_group_rule.cluster_https_worker_ingress",
            "module.eks.aws_security_group_rule.cluster_primary_ingress_workers",
            "module.eks.aws_security_group_rule.workers_egress_internet",
            "module.eks.aws_security_group_rule.workers_ingress_cluster",
            "module.eks.aws_security_group_rule.workers_ingress_cluster_https",
            "module.eks.aws_security_group_rule.workers_ingress_cluster_kubelet",
            "module.eks.aws_security_group_rule.workers_ingress_cluster_primary",
            "module.eks.aws_security_group_rule.workers_ingress_self",
            "module.eks.data.aws_ami.eks_worker",
            "module.eks.data.aws_ami.eks_worker_windows",
            "module.eks.data.aws_iam_instance_profile.custom_worker_group_launch_template_iam_instance_profile",
            "module.eks.data.aws_iam_policy_document.cluster_assume_role_policy",
            "module.eks.data.aws_iam_policy_document.workers_assume_role_policy",
            "module.eks.data.aws_iam_role.custom_cluster_iam_role",
            "module.eks.data.aws_partition.current",
            "module.eks.data.template_file.launch_template_userdata"
          ],
          "create_before_destroy": true
        },
        {
          "index_key": 1,
          "schema_version": 0,
          "attributes": {
            "id": "grown-calf",
            "keepers": {
              "lt_name": "john-secondery2020100204214878330000000d-1"
            },
            "length": 2,
            "prefix": null,
            "separator": "-"
          },
          "private": "bnVsbA==",
          "dependencies": [
            "aws_subnet.eks_internal_subnets",
            "aws_vpc.main",
            "data.aws_availability_zones.avz",
            "module.eks.aws_cloudwatch_log_group.this",
            "module.eks.aws_eks_cluster.this",
            "module.eks.aws_iam_instance_profile.workers_launch_template",
            "module.eks.aws_iam_role.cluster",
            "module.eks.aws_iam_role.workers",
            "module.eks.aws_iam_role_policy_attachment.cluster_AmazonEKSClusterPolicy",
            "module.eks.aws_iam_role_policy_attachment.cluster_AmazonEKSServicePolicy",
            "module.eks.aws_iam_role_policy_attachment.workers_AmazonEC2ContainerRegistryReadOnly",
            "module.eks.aws_iam_role_policy_attachment.workers_AmazonEKSWorkerNodePolicy",
            "module.eks.aws_iam_role_policy_attachment.workers_AmazonEKS_CNI_Policy",
            "module.eks.aws_iam_role_policy_attachment.workers_additional_policies",
            "module.eks.aws_launch_template.workers_launch_template",
            "module.eks.aws_security_group.cluster",
            "module.eks.aws_security_group.workers",
            "module.eks.aws_security_group_rule.cluster_egress_internet",
            "module.eks.aws_security_group_rule.cluster_https_worker_ingress",
            "module.eks.aws_security_group_rule.cluster_primary_ingress_workers",
            "module.eks.aws_security_group_rule.workers_egress_internet",
            "module.eks.aws_security_group_rule.workers_ingress_cluster",
            "module.eks.aws_security_group_rule.workers_ingress_cluster_https",
            "module.eks.aws_security_group_rule.workers_ingress_cluster_kubelet",
            "module.eks.aws_security_group_rule.workers_ingress_cluster_primary",
            "module.eks.aws_security_group_rule.workers_ingress_self",
            "module.eks.data.aws_ami.eks_worker",
            "module.eks.data.aws_ami.eks_worker_windows",
            "module.eks.data.aws_iam_instance_profile.custom_worker_group_launch_template_iam_instance_profile",
            "module.eks.data.aws_iam_policy_document.cluster_assume_role_policy",
            "module.eks.data.aws_iam_policy_document.workers_assume_role_policy",
            "module.eks.data.aws_iam_role.custom_cluster_iam_role",
            "module.eks.data.aws_partition.current",
            "module.eks.data.template_file.launch_template_userdata"
          ],
          "create_before_destroy": true
        }
      ]
    }
  ]
}
